{"SurveyEntry":{"SurveyID":"SV_eUIXBV6T4zJ27ch","SurveyName":"Scanner_Task_Pilot_S1","SurveyDescription":null,"SurveyOwnerID":"UR_1AE0Rh41M9EmPUF","SurveyBrandID":"uvacommscience","DivisionID":null,"SurveyLanguage":"EN","SurveyActiveResponseSet":"RS_3vNlRpFhXk51lQ1","SurveyStatus":"Inactive","SurveyStartDate":"0000-00-00 00:00:00","SurveyExpirationDate":"0000-00-00 00:00:00","SurveyCreationDate":"2020-10-27 08:21:04","CreatorID":"UR_1AE0Rh41M9EmPUF","LastModified":"2020-11-25 05:12:26","LastAccessed":"0000-00-00 00:00:00","LastActivated":"2020-11-12 08:12:46","Deleted":null},"SurveyElements":[{"SurveyID":"SV_eUIXBV6T4zJ27ch","Element":"BL","PrimaryAttribute":"Survey Blocks","SecondaryAttribute":null,"TertiaryAttribute":null,"Payload":[{"Type":"Default","Description":"Meat consumption","ID":"BL_bBjgk08T4QTWFff","BlockElements":[{"Type":"Question","QuestionID":"QID2"},{"Type":"Question","QuestionID":"QID3"}],"Options":{"BlockLocking":"false","RandomizeQuestions":"false","BlockVisibility":"Expanded"}},{"Type":"Trash","Description":"Trash \/ Unused Questions","ID":"BL_1XjdGIZd2WnCqDr","BlockElements":[{"Type":"Question","QuestionID":"QID1"},{"Type":"Question","QuestionID":"QID8"},{"Type":"Question","QuestionID":"QID11"},{"Type":"Question","QuestionID":"QID21"}]},{"Type":"Standard","SubType":"","Description":"ICF","ID":"BL_aVGs7uiDuvmuQn3","BlockElements":[{"Type":"Question","QuestionID":"QID20"},{"Type":"Question","QuestionID":"QID22","SkipLogic":[{"SkipLogicID":2,"ChoiceLocator":"q:\/\/QID22\/SelectableChoice\/2","Condition":"Selected","SkipToDestination":"ENDOFSURVEY","Locator":"q:\/\/QID22\/SelectableChoice\/2","SkipToDescription":"<strong>Informed Consent to... <strong>No, I do not want to partic...<\/strong>  <strong>Is Selected<\/strong>","Description":"Condition: <strong title=\"No, I do not want to participate.\">No, I do not want to partic...<\/strong> <strong>Is Selected<\/strong>. Skip To: <strong>End of Survey<\/strong>.","QuestionID":"QID22"}]}]},{"Type":"Standard","SubType":"","Description":"AUDIT_part1","ID":"BL_3gGRuCM9gxxsGfr","BlockElements":[{"Type":"Question","QuestionID":"QID4"},{"Type":"Question","QuestionID":"QID5","SkipLogic":[{"SkipLogicID":1,"ChoiceLocator":"q:\/\/QID5\/SelectableChoice\/1","Condition":"Selected","SkipToDestination":"QID15","Locator":"q:\/\/QID5\/SelectableChoice\/1","SkipToDescription":"During the last 12 months h... <strong>Never<\/strong>  <strong>Is Selected<\/strong>","Description":"Condition: <strong title=\"Never\">Never<\/strong> <strong>Is Selected<\/strong>. Skip To: <strong>Have you or someone else been inured ...<\/strong>.","QuestionID":"QID5"}]},{"Type":"Question","QuestionID":"QID6"},{"Type":"Question","QuestionID":"QID7"},{"Type":"Question","QuestionID":"QID9"},{"Type":"Question","QuestionID":"QID10"},{"Type":"Question","QuestionID":"QID12"},{"Type":"Question","QuestionID":"QID13"},{"Type":"Question","QuestionID":"QID14"},{"Type":"Question","QuestionID":"QID15"},{"Type":"Question","QuestionID":"QID16"}]},{"Type":"Standard","SubType":"","Description":"Demographis","ID":"BL_cAs7SmqUaD2cFgh","Options":{"BlockLocking":"false","RandomizeQuestions":"false","BlockVisibility":"Expanded"},"BlockElements":[{"Type":"Question","QuestionID":"QID17"},{"Type":"Question","QuestionID":"QID18"},{"Type":"Question","QuestionID":"QID24"},{"Type":"Question","QuestionID":"QID25"},{"Type":"Question","QuestionID":"QID19"},{"Type":"Question","QuestionID":"QID23","SkipLogic":[{"SkipLogicID":3,"ChoiceLocator":"q:\/\/QID23\/DisplayableQuestion\/1","Condition":"Displayed","SkipToDestination":"ENDOFSURVEY","Locator":"q:\/\/QID23\/ChoiceDisplayed","SkipToDescription":"Unfortunately, your answers... <strong>Unfortunately, your answers...<\/strong>  <strong>Is Displayed<\/strong>","Description":"Condition: <strong title=\"Unfortunately, your answers indicate that you are ineligible to participate i...\">Unfortunately, your answers...<\/strong> <strong>Is Displayed<\/strong>. Skip To: <strong>End of Survey<\/strong>.","QuestionID":"QID23"}]}]},{"Type":"Standard","SubType":"","Description":"Forward","ID":"BL_01V2iWTZDdfYW1v","BlockElements":[{"Type":"Question","QuestionID":"QID26"}]}]},{"SurveyID":"SV_eUIXBV6T4zJ27ch","Element":"FL","PrimaryAttribute":"Survey Flow","SecondaryAttribute":null,"TertiaryAttribute":null,"Payload":{"Type":"Root","FlowID":"FL_1","Flow":[{"Type":"EmbeddedData","FlowID":"FL_9","EmbeddedData":[{"Description":"tid","Type":"Recipient","Field":"tid","VariableType":"String","DataVisibility":[],"AnalyzeText":false},{"Description":"userid","Type":"Recipient","Field":"userid","VariableType":"String","DataVisibility":[],"AnalyzeText":false}]},{"Type":"EmbeddedData","FlowID":"FL_10","EmbeddedData":[{"Description":"pID","Type":"Custom","Field":"pID","VariableType":"String","DataVisibility":[],"AnalyzeText":false,"Value":"${e:\/\/Field\/tid}"}]},{"Type":"Standard","ID":"BL_aVGs7uiDuvmuQn3","FlowID":"FL_3","Autofill":[]},{"Type":"Standard","ID":"BL_cAs7SmqUaD2cFgh","FlowID":"FL_6","Autofill":[]},{"Type":"Standard","ID":"BL_3gGRuCM9gxxsGfr","FlowID":"FL_4","Autofill":[]},{"Type":"Block","ID":"BL_bBjgk08T4QTWFff","FlowID":"FL_2","Autofill":[]},{"Type":"Standard","ID":"BL_01V2iWTZDdfYW1v","FlowID":"FL_8","Autofill":[]}],"Properties":{"Count":10,"RemovedFieldsets":[]}}},{"SurveyID":"SV_eUIXBV6T4zJ27ch","Element":"SO","PrimaryAttribute":"Survey Options","SecondaryAttribute":null,"TertiaryAttribute":null,"Payload":{"BackButton":"false","SaveAndContinue":"true","SurveyProtection":"PublicSurvey","BallotBoxStuffingPrevention":"false","NoIndex":"Yes","SecureResponseFiles":"true","SurveyExpiration":null,"SurveyTermination":"Redirect","Header":"","Footer":"","ProgressBarDisplay":"None","PartialData":"+1 week","ValidationMessage":null,"PreviousButton":" \u2190 ","NextButton":" \u2192 ","SurveyTitle":"Online Survey Software | Qualtrics Survey Solutions","SkinLibrary":"uvacommscience","SkinType":"MQ","Skin":"uvacommscience1_new","NewScoring":1,"SurveyName":"Scanner_Task_Pilot_S1","EOSMessage":"","ShowExportTags":"false","CollectGeoLocation":"false","SurveyMetaDescription":"The most powerful, simple and trusted way to gather experience data. Start your journey to experience management and try a free account today.","PasswordProtection":"No","AnonymizeResponse":"No","Password":"","RefererCheck":"No","RefererURL":"http:\/\/","UseCustomSurveyLinkCompletedMessage":null,"SurveyLinkCompletedMessage":"","SurveyLinkCompletedMessageLibrary":"","ResponseSummary":"No","EOSMessageLibrary":"","EOSRedirectURL":"https:\/\/pavlovia.org\/run\/cscholz\/talkingdrinks_alcoholvaluetask\/html\/?pID=${e:\/\/Field\/pID}","EmailThankYou":"false","ThankYouEmailMessageLibrary":null,"ThankYouEmailMessage":null,"ValidateMessage":"false","ValidationMessageLibrary":null,"InactiveSurvey":"DefaultMessage","PartialDataCloseAfter":"LastActivity","ActiveResponseSet":null,"InactiveMessageLibrary":"","InactiveMessage":"","AvailableLanguages":{"EN":[]},"ProtectSelectionIds":true}},{"SurveyID":"SV_eUIXBV6T4zJ27ch","Element":"SCO","PrimaryAttribute":"Scoring","SecondaryAttribute":null,"TertiaryAttribute":null,"Payload":{"ScoringCategories":[],"ScoringCategoryGroups":[],"ScoringSummaryCategory":null,"ScoringSummaryAfterQuestions":0,"ScoringSummaryAfterSurvey":0,"DefaultScoringCategory":null,"AutoScoringCategory":null}},{"SurveyID":"SV_eUIXBV6T4zJ27ch","Element":"PROJ","PrimaryAttribute":"CORE","SecondaryAttribute":null,"TertiaryAttribute":"1.1.0","Payload":{"ProjectCategory":"CORE","SchemaVersion":"1.1.0"}},{"SurveyID":"SV_eUIXBV6T4zJ27ch","Element":"STAT","PrimaryAttribute":"Survey Statistics","SecondaryAttribute":null,"TertiaryAttribute":null,"Payload":{"MobileCompatible":true,"ID":"Survey Statistics"}},{"SurveyID":"SV_eUIXBV6T4zJ27ch","Element":"QC","PrimaryAttribute":"Survey Question Count","SecondaryAttribute":"26","TertiaryAttribute":null,"Payload":null},{"SurveyID":"SV_eUIXBV6T4zJ27ch","Element":"SQ","PrimaryAttribute":"QID3","SecondaryAttribute":"Below is a series of statements on meat consumption. Do you agree or disagree with these statemen...","TertiaryAttribute":null,"Payload":{"QuestionText":"Below is a series of statements on meat consumption.<div><br>Do you agree or disagree with these statements?&nbsp;<\/div>","DefaultChoices":false,"DataExportTag":"meat","QuestionType":"Matrix","Selector":"Likert","SubSelector":"SingleAnswer","DataVisibility":{"Private":false,"Hidden":false},"Configuration":{"QuestionDescriptionOption":"UseText","TextPosition":"inline","Autoscale":{"XScale":{"Name":"agreeDisagree","Type":"likert","Reverse":true}},"ChoiceColumnWidth":25,"RepeatHeaders":"middle","WhiteSpace":"OFF","MobileFirst":true},"QuestionDescription":"Below is a series of statements on meat consumption. Do you agree or disagree with these statemen...","Choices":{"1":{"Display":"It is only natural to eat meat."},"4":{"Display":"It is unnatural to eat an all plant-based diet."},"5":{"Display":"Our human ancestors ate meat all the time."},"6":{"Display":"Human beings naturally crave meat."},"7":{"Display":"It is necessary to eat meat in order to be healthy."},"8":{"Display":"You cannot get all the protein, vitamins, and mineral you need on an all plant-based diet."},"9":{"Display":"Human beings need to eat meat."},"10":{"Display":"A healthy diet requires at least some meat."},"11":{"Display":"Not eating meat is socially unacceptable."},"12":{"Display":"It is abnormal for humans not to eat meat."},"13":{"Display":"Most people I know eat meat."},"14":{"Display":"It is normal to eat meat."},"15":{"Display":"Meat is delicious."},"16":{"Display":"Meat adds so much flavor to a meal it does not make sense to leave it out."},"17":{"Display":"The best tasting food is normally a meat based dish (e.g., steak, chicken breast, grilled fish)."},"18":{"Display":"Meals without meat would just be bland and boring."}},"ChoiceOrder":["1","4","5","6","7","8","9","10","11","12","13","14","15","16","17","18"],"Randomization":{"Advanced":null,"TotalRandSubset":"","Type":"All"},"Validation":{"Settings":{"ForceResponse":"OFF","ForceResponseType":"ON","Type":"None"}},"GradingData":[],"Language":[],"NextChoiceId":19,"NextAnswerId":22,"Answers":{"15":{"Display":"Strongly disagree"},"16":{"Display":"Disagree"},"17":{"Display":"Somewhat disagree"},"18":{"Display":"Neither agree nor disagree"},"19":{"Display":"Somewhat agree"},"20":{"Display":"Agree"},"21":{"Display":"Strongly agree"}},"AnswerOrder":["15","16","17","18","19","20","21"],"ChoiceDataExportTags":false,"QuestionID":"QID3"}},{"SurveyID":"SV_eUIXBV6T4zJ27ch","Element":"SQ","PrimaryAttribute":"QID1","SecondaryAttribute":"Click to write the question text","TertiaryAttribute":null,"Payload":{"QuestionText":"Click to write the question text","DataExportTag":"Q1","QuestionType":"MC","Selector":"SAVR","SubSelector":"TX","Configuration":{"QuestionDescriptionOption":"UseText"},"QuestionDescription":"Click to write the question text","Choices":{"1":{"Display":"Click to write Choice 1"},"2":{"Display":"Click to write Choice 2"},"3":{"Display":"Click to write Choice 3"}},"ChoiceOrder":["1","2","3"],"Validation":{"Settings":{"ForceResponse":"OFF","ForceResponseType":"ON","Type":"None"}},"Language":[],"NextChoiceId":4,"NextAnswerId":1,"QuestionID":"QID1"}},{"SurveyID":"SV_eUIXBV6T4zJ27ch","Element":"SQ","PrimaryAttribute":"QID8","SecondaryAttribute":"Click to write the question text","TertiaryAttribute":null,"Payload":{"QuestionText":"Click to write the question text","DataExportTag":"Q8","QuestionType":"MC","Selector":"SAVR","SubSelector":"TX","Configuration":{"QuestionDescriptionOption":"UseText"},"QuestionDescription":"Click to write the question text","Choices":{"1":{"Display":"Click to write Choice 1"},"2":{"Display":"Click to write Choice 2"},"3":{"Display":"Click to write Choice 3"}},"ChoiceOrder":["1","2","3"],"Validation":{"Settings":{"ForceResponse":"OFF","ForceResponseType":"ON","Type":"None"}},"Language":[],"NextChoiceId":4,"NextAnswerId":1,"QuestionID":"QID8"}},{"SurveyID":"SV_eUIXBV6T4zJ27ch","Element":"SQ","PrimaryAttribute":"QID11","SecondaryAttribute":"Click to write the question text","TertiaryAttribute":null,"Payload":{"QuestionText":"Click to write the question text","DataExportTag":"Q11","QuestionType":"MC","Selector":"SAVR","SubSelector":"TX","Configuration":{"QuestionDescriptionOption":"UseText"},"QuestionDescription":"Click to write the question text","Choices":{"1":{"Display":"Click to write Choice 1"},"2":{"Display":"Click to write Choice 2"},"3":{"Display":"Click to write Choice 3"}},"ChoiceOrder":["1","2","3"],"Validation":{"Settings":{"ForceResponse":"OFF","ForceResponseType":"ON","Type":"None"}},"Language":[],"NextChoiceId":4,"NextAnswerId":1,"QuestionID":"QID11"}},{"SurveyID":"SV_eUIXBV6T4zJ27ch","Element":"SQ","PrimaryAttribute":"QID21","SecondaryAttribute":"Click to write the question text","TertiaryAttribute":null,"Payload":{"QuestionText":"Click to write the question text","DataExportTag":"icf","QuestionType":"MC","Selector":"SAVR","SubSelector":"TX","Configuration":{"QuestionDescriptionOption":"UseText"},"QuestionDescription":"Click to write the question text","Choices":{"1":{"Display":"Click to write Choice 1"},"2":{"Display":"Click to write Choice 2"},"3":{"Display":"Click to write Choice 3"}},"ChoiceOrder":["1","2","3"],"Validation":{"Settings":{"ForceResponse":"OFF","ForceResponseType":"ON","Type":"None"}},"Language":[],"NextChoiceId":4,"NextAnswerId":1,"QuestionID":"QID21"}},{"SurveyID":"SV_eUIXBV6T4zJ27ch","Element":"QG","PrimaryAttribute":"QG_iUQWwiM80SVGRb8","SecondaryAttribute":"Default Quota Group","TertiaryAttribute":null,"Payload":{"ID":"QG_iUQWwiM80SVGRb8","Name":"Default Quota Group","Selected":true,"MultipleMatch":"PlaceInAll","Public":false,"Quotas":["QO_PikNR19UzFMbB2l"]}},{"SurveyID":"SV_eUIXBV6T4zJ27ch","Element":"RS","PrimaryAttribute":"RS_3vNlRpFhXk51lQ1","SecondaryAttribute":"Default Response Set","TertiaryAttribute":null,"Payload":null},{"SurveyID":"SV_eUIXBV6T4zJ27ch","Element":"SQ","PrimaryAttribute":"QID18","SecondaryAttribute":"Do you have an Instagram account?","TertiaryAttribute":null,"Payload":{"QuestionText":"Do you have an Instagram account?","DataExportTag":"insta","QuestionType":"MC","Selector":"SAVR","SubSelector":"TX","DataVisibility":{"Private":false,"Hidden":false},"Configuration":{"QuestionDescriptionOption":"UseText"},"QuestionDescription":"Do you have an Instagram account?","Choices":{"1":{"Display":"Yes"},"2":{"Display":"No"}},"ChoiceOrder":["1","2"],"Validation":{"Settings":{"ForceResponse":"ON","ForceResponseType":"ON","Type":"None"}},"Language":[],"NextChoiceId":4,"NextAnswerId":1,"QuestionID":"QID18"}},{"SurveyID":"SV_eUIXBV6T4zJ27ch","Element":"SQ","PrimaryAttribute":"QID5","SecondaryAttribute":"During the last 12 months how often have you had a drink containing alcohol?By one drink we mean...","TertiaryAttribute":null,"Payload":{"QuestionText":"During the last 12 months how often have you had a drink containing alcohol?<br \/>\n<br \/>\n<strong><em>By one drink we mean a small glass or bottle of beer, a small glass of wine or prosecco, a shot glass of liquor or spirits.<\/em><\/strong>","DataExportTag":"AUDIT1","QuestionType":"MC","Selector":"SAVR","SubSelector":"TX","Configuration":{"QuestionDescriptionOption":"UseText"},"QuestionDescription":"During the last 12 months how often have you had a drink containing alcohol?By one drink we mean...","Choices":{"1":{"Display":"Never"},"2":{"Display":"Monthly or less"},"3":{"Display":"2 to 4 times a month"},"4":{"Display":"2 to 3 times a week"},"5":{"Display":"4 or more times a week"}},"ChoiceOrder":["1","2","3","4","5"],"Validation":{"Settings":{"ForceResponse":"OFF","ForceResponseType":"ON","Type":"None"}},"RecodeValues":{"1":"0","2":"1","3":"2","4":"3","5":"4"},"Language":[],"NextChoiceId":6,"NextAnswerId":1,"QuestionID":"QID5","DataVisibility":{"Private":false,"Hidden":false}}},{"SurveyID":"SV_eUIXBV6T4zJ27ch","Element":"SQ","PrimaryAttribute":"QID6","SecondaryAttribute":"During the last 12 months, how many drinks containing alcohol did you have on a typical day when...","TertiaryAttribute":null,"Payload":{"QuestionText":"During the last 12 months, how many drinks containing alcohol did you have on a typical day when you were drinking?\n<div>&nbsp;<\/div>\n\n<div><em><strong>By one drink we mean a small glass or bottle of beer, a small glass of wine or prosecco, a shot glass of liquor or spirits.<\/strong><\/em><\/div>","DataExportTag":"AUDIT2","QuestionType":"MC","Selector":"SAVR","SubSelector":"TX","DataVisibility":{"Private":false,"Hidden":false},"Configuration":{"QuestionDescriptionOption":"UseText"},"QuestionDescription":"During the last 12 months, how many drinks containing alcohol did you have on a typical day when...","Choices":{"1":{"Display":"1 or 2"},"2":{"Display":"3 or 4"},"3":{"Display":"5 or 6"},"4":{"Display":"7, 8, or 9"},"5":{"Display":"10 or more"}},"ChoiceOrder":[1,2,3,4,5],"Validation":{"Settings":{"ForceResponse":"OFF","ForceResponseType":"ON","Type":"None"}},"RecodeValues":{"1":"0","2":"1","3":"2","4":"3","5":"4"},"Language":[],"NextChoiceId":6,"NextAnswerId":1,"QuestionID":"QID6"}},{"SurveyID":"SV_eUIXBV6T4zJ27ch","Element":"SQ","PrimaryAttribute":"QID7","SecondaryAttribute":"During the last 12 months, how often did you have six or more drinks on one occasion? \u00a0 By one dr..","TertiaryAttribute":null,"Payload":{"QuestionText":"During the last 12 months, how often did you have six or more drinks on one occasion?\n<div>&nbsp;<\/div>\n\n<div><em><strong>By one drink we mean a small glass or bottle of beer, a small glass of wine or prosecco, a shot glass of liquor or spirits.<\/strong><\/em><\/div>","DataExportTag":"AUDIT3","QuestionType":"MC","Selector":"SAVR","SubSelector":"TX","DataVisibility":{"Private":false,"Hidden":false},"Configuration":{"QuestionDescriptionOption":"UseText"},"QuestionDescription":"During the last 12 months, how often did you have six or more drinks on one occasion? \u00a0 By one dr...","Choices":{"1":{"Display":"Never"},"2":{"Display":"Less than monthly"},"3":{"Display":"Monthly"},"4":{"Display":"Weekly"},"5":{"Display":"10 or more"}},"ChoiceOrder":[1,2,3,4,5],"Validation":{"Settings":{"ForceResponse":"OFF","ForceResponseType":"ON","Type":"None"}},"RecodeValues":{"1":"0","2":"1","3":"2","4":"3","5":"4"},"Language":[],"NextChoiceId":6,"NextAnswerId":1,"QuestionID":"QID7"}},{"SurveyID":"SV_eUIXBV6T4zJ27ch","Element":"SQ","PrimaryAttribute":"QID14","SecondaryAttribute":"During the last 12 months, how often have you been unable to remember what happened the night bef...","TertiaryAttribute":null,"Payload":{"QuestionText":"During the last 12 months, how often have you been unable to remember what happened the night before because you had been drinking?","DataExportTag":"AUDIT8","QuestionType":"MC","Selector":"SAVR","SubSelector":"TX","DataVisibility":{"Private":false,"Hidden":false},"Configuration":{"QuestionDescriptionOption":"UseText"},"QuestionDescription":"During the last 12 months, how often have you been unable to remember what happened the night bef...","Choices":{"1":{"Display":"Never"},"2":{"Display":"Less than monthly"},"3":{"Display":"Monthly"},"4":{"Display":"Weekly"},"5":{"Display":"Daily or almost daily"}},"ChoiceOrder":[1,2,3,4,5],"Validation":{"Settings":{"ForceResponse":"OFF","ForceResponseType":"ON","Type":"None"}},"RecodeValues":{"1":"0","2":"1","3":"2","4":"3","5":"4"},"Language":[],"NextChoiceId":6,"NextAnswerId":1,"QuestionID":"QID14"}},{"SurveyID":"SV_eUIXBV6T4zJ27ch","Element":"SQ","PrimaryAttribute":"QID10","SecondaryAttribute":"During the last 12 months, how often have you failed to do what was normally expected from you be...","TertiaryAttribute":null,"Payload":{"QuestionText":"During the last 12 months, how often have you failed to do what was normally expected from you because of drinking?","DataExportTag":"AUDIT5","QuestionType":"MC","Selector":"SAVR","SubSelector":"TX","DataVisibility":{"Private":false,"Hidden":false},"Configuration":{"QuestionDescriptionOption":"UseText"},"QuestionDescription":"During the last 12 months, how often have you failed to do what was normally expected from you be...","Choices":{"1":{"Display":"Never"},"2":{"Display":"Less than monthly"},"3":{"Display":"Monthly"},"4":{"Display":"Weekly"},"5":{"Display":"Daily or almost daily"}},"ChoiceOrder":[1,2,3,4,5],"Validation":{"Settings":{"ForceResponse":"OFF","ForceResponseType":"ON","Type":"None"}},"RecodeValues":{"1":"0","2":"1","3":"2","4":"3","5":"4"},"Language":[],"NextChoiceId":6,"NextAnswerId":1,"QuestionID":"QID10"}},{"SurveyID":"SV_eUIXBV6T4zJ27ch","Element":"SQ","PrimaryAttribute":"QID9","SecondaryAttribute":"During the last 12 months, how often have you found that you were not able to stop drinking once...","TertiaryAttribute":null,"Payload":{"QuestionText":"During the last 12 months, how often have you found that you were not able to stop drinking once you had started?","DataExportTag":"AUDIT4","QuestionType":"MC","Selector":"SAVR","SubSelector":"TX","DataVisibility":{"Private":false,"Hidden":false},"Configuration":{"QuestionDescriptionOption":"UseText"},"QuestionDescription":"During the last 12 months, how often have you found that you were not able to stop drinking once...","Choices":{"1":{"Display":"Never"},"2":{"Display":"Less than monthly"},"3":{"Display":"Monthly"},"4":{"Display":"Weekly"},"5":{"Display":"Daily or almost daily"}},"ChoiceOrder":[1,2,3,4,5],"Validation":{"Settings":{"ForceResponse":"OFF","ForceResponseType":"ON","Type":"None"}},"RecodeValues":{"1":"0","2":"1","3":"2","4":"3","5":"4"},"Language":[],"NextChoiceId":6,"NextAnswerId":1,"QuestionID":"QID9"}},{"SurveyID":"SV_eUIXBV6T4zJ27ch","Element":"SQ","PrimaryAttribute":"QID13","SecondaryAttribute":"During the last 12 months, how often have you had a feeling of guilt or remorse after drinking?","TertiaryAttribute":null,"Payload":{"QuestionText":"During the last 12 months, how often have you had a feeling of guilt or remorse after drinking?","DataExportTag":"AUDIT7","QuestionType":"MC","Selector":"SAVR","SubSelector":"TX","DataVisibility":{"Private":false,"Hidden":false},"Configuration":{"QuestionDescriptionOption":"UseText"},"QuestionDescription":"During the last 12 months, how often have you had a feeling of guilt or remorse after drinking?","Choices":{"1":{"Display":"Never"},"2":{"Display":"Less than monthly"},"3":{"Display":"Monthly"},"4":{"Display":"Weekly"},"5":{"Display":"Daily or almost daily"}},"ChoiceOrder":[1,2,3,4,5],"Validation":{"Settings":{"ForceResponse":"OFF","ForceResponseType":"ON","Type":"None"}},"RecodeValues":{"1":"0","2":"1","3":"2","4":"3","5":"4"},"Language":[],"NextChoiceId":6,"NextAnswerId":1,"QuestionID":"QID13"}},{"SurveyID":"SV_eUIXBV6T4zJ27ch","Element":"SQ","PrimaryAttribute":"QID12","SecondaryAttribute":"During the last 12 months, how often have you needed a first drink in the morning to get yourself...","TertiaryAttribute":null,"Payload":{"QuestionText":"During the last 12 months, how often have you needed a first drink in the morning to get yourself going after a heavy drinking session?","DataExportTag":"AUDIT6","QuestionType":"MC","Selector":"SAVR","SubSelector":"TX","DataVisibility":{"Private":false,"Hidden":false},"Configuration":{"QuestionDescriptionOption":"UseText"},"QuestionDescription":"During the last 12 months, how often have you needed a first drink in the morning to get yourself...","Choices":{"1":{"Display":"Never"},"2":{"Display":"Less than monthly"},"3":{"Display":"Monthly"},"4":{"Display":"Weekly"},"5":{"Display":"Daily or almost daily"}},"ChoiceOrder":[1,2,3,4,5],"Validation":{"Settings":{"ForceResponse":"OFF","ForceResponseType":"ON","Type":"None"}},"RecodeValues":{"1":"0","2":"1","3":"2","4":"3","5":"4"},"Language":[],"NextChoiceId":6,"NextAnswerId":1,"QuestionID":"QID12"}},{"SurveyID":"SV_eUIXBV6T4zJ27ch","Element":"SQ","PrimaryAttribute":"QID16","SecondaryAttribute":"Has a relative or friend or a doctor or another health care worker been concerned about your drin...","TertiaryAttribute":null,"Payload":{"QuestionText":"Has a relative or friend or a doctor or another health care worker been concerned about your drinking or suggested you cut down?","DataExportTag":"AUDIT10","QuestionType":"MC","Selector":"SAVR","SubSelector":"TX","DataVisibility":{"Private":false,"Hidden":false},"Configuration":{"QuestionDescriptionOption":"UseText"},"QuestionDescription":"Has a relative or friend or a doctor or another health care worker been concerned about your drin...","Choices":{"1":{"Display":"No"},"2":{"Display":"Yes, but not in the last year."},"3":{"Display":"Yes, during the last year."}},"ChoiceOrder":[1,2,3],"Validation":{"Settings":{"ForceResponse":"OFF","ForceResponseType":"ON","Type":"None"}},"RecodeValues":{"1":"0","2":"2","3":"4"},"Language":[],"NextChoiceId":4,"NextAnswerId":1,"QuestionID":"QID16"}},{"SurveyID":"SV_eUIXBV6T4zJ27ch","Element":"SQ","PrimaryAttribute":"QID25","SecondaryAttribute":"Have you ever been drunk or tipsy in your life?","TertiaryAttribute":null,"Payload":{"QuestionText":"Have you ever been drunk or tipsy in your life?","DataExportTag":"drunk","QuestionType":"MC","Selector":"SAVR","SubSelector":"TX","Configuration":{"QuestionDescriptionOption":"UseText"},"QuestionDescription":"Have you ever been drunk or tipsy in your life?","Choices":{"1":{"Display":"No, I have never been tipsy or drunk."},"2":{"Display":"Yes, but I have only been tipsy, never drunk."},"3":{"Display":"Yes, I have been drunk."}},"ChoiceOrder":["1","2","3"],"Validation":{"Settings":{"ForceResponse":"ON","ForceResponseType":"ON","Type":"None"}},"Language":[],"NextChoiceId":4,"NextAnswerId":1,"QuestionID":"QID25"}},{"SurveyID":"SV_eUIXBV6T4zJ27ch","Element":"SQ","PrimaryAttribute":"QID24","SecondaryAttribute":"Have you ever consumed alcoholic beverages in you life?","TertiaryAttribute":null,"Payload":{"QuestionText":"Have you ever consumed alcoholic beverages in you life?","DataExportTag":"alcohol","QuestionType":"MC","Selector":"SAVR","SubSelector":"TX","Configuration":{"QuestionDescriptionOption":"UseText"},"QuestionDescription":"Have you ever consumed alcoholic beverages in you life?","Choices":{"1":{"Display":"Yes"},"2":{"Display":"No"}},"ChoiceOrder":[1,2],"Validation":{"Settings":{"ForceResponse":"ON","ForceResponseType":"ON","Type":"None"}},"Language":[],"NextChoiceId":3,"NextAnswerId":1,"QuestionID":"QID24"}},{"SurveyID":"SV_eUIXBV6T4zJ27ch","Element":"SQ","PrimaryAttribute":"QID15","SecondaryAttribute":"Have you or someone else been inured as a result of your drinking?","TertiaryAttribute":null,"Payload":{"QuestionText":"Have you or someone else been inured as a result of your drinking?","DataExportTag":"AUDIT9","QuestionType":"MC","Selector":"SAVR","SubSelector":"TX","DataVisibility":{"Private":false,"Hidden":false},"Configuration":{"QuestionDescriptionOption":"UseText"},"QuestionDescription":"Have you or someone else been inured as a result of your drinking?","Choices":{"1":{"Display":"No"},"2":{"Display":"Yes, but not in the last year."},"3":{"Display":"Yes, during the last year."}},"ChoiceOrder":[1,2,3],"Validation":{"Settings":{"ForceResponse":"OFF","ForceResponseType":"ON","Type":"None"}},"RecodeValues":{"1":"0","2":"2","3":"4"},"Language":[],"NextChoiceId":4,"NextAnswerId":1,"QuestionID":"QID15"}},{"SurveyID":"SV_eUIXBV6T4zJ27ch","Element":"SQ","PrimaryAttribute":"QID22","SecondaryAttribute":"Informed Consent to Participate After reading the information above, do you wish to voluntarily p...","TertiaryAttribute":null,"Payload":{"QuestionText":"<strong>Informed Consent to Participate<\/strong><br \/>\n<br \/>\nAfter reading the information above, do you wish to voluntarily participate in this research study? <em>Please choose an option below.<\/em>","DataExportTag":"icf","QuestionType":"MC","Selector":"SAVR","SubSelector":"TX","DataVisibility":{"Private":false,"Hidden":false},"Configuration":{"QuestionDescriptionOption":"UseText"},"QuestionDescription":"Informed Consent to Participate After reading the information above, do you wish to voluntarily p...","Choices":{"1":{"Display":"<strong>Yes, I want to participate.<\/strong> <em>(By choosing this option, you indicate that you understand the information given above and that you&nbsp;voluntarily choose to participate in this research study.)<\/em>"},"2":{"Display":"<strong>No, I do not want to participate.<\/strong>"}},"ChoiceOrder":["1","2"],"Validation":{"Settings":{"ForceResponse":"ON","ForceResponseType":"ON","Type":"None"}},"Language":[],"NextChoiceId":4,"NextAnswerId":1,"QuestionID":"QID22"}},{"SurveyID":"SV_eUIXBV6T4zJ27ch","Element":"QO","PrimaryAttribute":"QO_PikNR19UzFMbB2l","SecondaryAttribute":"New Quota","TertiaryAttribute":null,"Payload":{"Name":"New Quota","Occurrences":30,"Logic":{"0":{"0":{"LogicType":"Question","QuestionID":"QID26","QuestionIsInLoop":"no","ChoiceLocator":"q:\/\/QID26\/DisplayableQuestion\/1","Operator":"Displayed","QuestionIDFromLocator":"QID26","LeftOperand":"q:\/\/QID26\/QuestionDisplayed","Type":"Expression","Description":"<span class=\"ConjDesc\">If<\/span> <span class=\"QuestionDesc\">Next, we will forward you to a computer task which you can complete in your browser. While comple...<\/span> <span class=\"LeftOpDesc\"><\/span> <span class=\"OpDesc\">Is Displayed<\/span> "},"Type":"If"},"Type":"BooleanExpression"},"LogicType":"Simple","QuotaAction":"DontDisplaySurvey","ActionElement":"SV_eUIXBV6T4zJ27ch","ActionInfo":{"0":{"0":{"ActionType":"DontDisplaySurvey","ShowInactiveMessage":0,"Type":"Expression","LogicType":"QuotaAction"},"Type":"If"},"Type":"BooleanExpression"},"ID":"QO_PikNR19UzFMbB2l","QuotaRealm":"Survey","QuotaSchedule":null,"EndSurveyOptions":{"EndingType":"Default","ResponseFlag":"QuotaMet","SurveyTermination":"DefaultMessage"}}},{"SurveyID":"SV_eUIXBV6T4zJ27ch","Element":"SQ","PrimaryAttribute":"QID26","SecondaryAttribute":"Next, we will forward you to a computer task which you can complete in your browser. While comple...","TertiaryAttribute":null,"Payload":{"QuestionText":"Next, we will forward you to a computer task which you can complete in your browser. While completing the task, please keep in mind the following:\n<div>&nbsp;<\/div>\n\n<ul>\n\t<li>Read all instructions carefully.<\/li>\n\t<li>After an initial small number of questions, the task will begin to proceed from screen to screen automatically (you will be told when this begins). During the automatic part of the task, you will be asked to respond to images and questions on the screen in a fixed amount of time.&nbsp;<\/li>\n\t<li><u><strong>The task takes about 20 minutes with a small break in the middle. Please try to stay focused throughout the task!<\/strong><\/u><\/li>\n\t<li>The task may take a few seconds to load in the beginning. Please be patient.&nbsp;<\/li>\n\t<li>At the end of the task, you will be sent back to Qualtrics to continue this survey.<\/li>\n<\/ul>\nStart the task now by hitting the forward button.<br \/>\n&nbsp;","DefaultChoices":false,"DataExportTag":"Q26","QuestionType":"DB","Selector":"TB","Configuration":{"QuestionDescriptionOption":"UseText"},"QuestionDescription":"Next, we will forward you to a computer task which you can complete in your browser. While comple...","ChoiceOrder":[],"Validation":{"Settings":{"Type":"None"}},"GradingData":[],"Language":[],"NextChoiceId":4,"NextAnswerId":1,"QuestionID":"QID26"}},{"SurveyID":"SV_eUIXBV6T4zJ27ch","Element":"SQ","PrimaryAttribute":"QID4","SecondaryAttribute":"The following questions are about your alcohol consumption during the past year.","TertiaryAttribute":null,"Payload":{"QuestionText":"The following questions are about your alcohol consumption during the past year.","DefaultChoices":false,"DataExportTag":"AUDIT_intro","QuestionType":"DB","Selector":"TB","Configuration":{"QuestionDescriptionOption":"UseText"},"QuestionDescription":"The following questions are about your alcohol consumption during the past year.","ChoiceOrder":[],"Validation":{"Settings":{"Type":"None"}},"GradingData":[],"Language":[],"NextChoiceId":4,"NextAnswerId":1,"QuestionID":"QID4","DataVisibility":{"Private":false,"Hidden":false}}},{"SurveyID":"SV_eUIXBV6T4zJ27ch","Element":"SQ","PrimaryAttribute":"QID23","SecondaryAttribute":"Unfortunately, your answers indicate that you are ineligible to participate in this research stud...","TertiaryAttribute":null,"Payload":{"QuestionText":"Unfortunately, your answers indicate that you are ineligible to participate in this research study. Thank you for your interest and have a nice day!","DefaultChoices":false,"DataExportTag":"ineligible","QuestionType":"DB","Selector":"TB","Configuration":{"QuestionDescriptionOption":"UseText"},"QuestionDescription":"Unfortunately, your answers indicate that you are ineligible to participate in this research stud...","ChoiceOrder":[],"Validation":{"Settings":{"Type":"None"}},"GradingData":[],"Language":[],"NextChoiceId":4,"NextAnswerId":1,"QuestionID":"QID23","DisplayLogic":{"0":{"0":{"LogicType":"Question","QuestionID":"QID17","QuestionIsInLoop":"no","ChoiceLocator":"q:\/\/QID17\/ChoiceTextEntryValue","Operator":"LessThan","QuestionIDFromLocator":"QID17","LeftOperand":"q:\/\/QID17\/ChoiceTextEntryValue","RightOperand":"18","Type":"Expression","Description":"<span class=\"ConjDesc\">If<\/span> <span class=\"QuestionDesc\">What is your age? (in years)<\/span> <span class=\"LeftOpDesc\">Text Response<\/span> <span class=\"OpDesc\">Is Less Than<\/span> <span class=\"RightOpDesc\"> 18 <\/span>"},"1":{"LogicType":"Question","QuestionID":"QID18","QuestionIsInLoop":"no","ChoiceLocator":"q:\/\/QID18\/SelectableChoice\/2","Operator":"Selected","QuestionIDFromLocator":"QID18","LeftOperand":"q:\/\/QID18\/SelectableChoice\/2","Type":"Expression","Description":"<span class=\"ConjDesc\">And<\/span> <span class=\"QuestionDesc\">Do you have an Instagram account?<\/span> <span class=\"LeftOpDesc\">No<\/span> <span class=\"OpDesc\">Is Selected<\/span> ","Conjuction":"And"},"2":{"LogicType":"Question","QuestionID":"QID24","QuestionIsInLoop":"no","ChoiceLocator":"q:\/\/QID24\/SelectableChoice\/2","Operator":"Selected","QuestionIDFromLocator":"QID24","LeftOperand":"q:\/\/QID24\/SelectableChoice\/2","Type":"Expression","Description":"<span class=\"ConjDesc\">And<\/span> <span class=\"QuestionDesc\">Have you ever consumed alcoholic beverages in you life?<\/span> <span class=\"LeftOpDesc\">No<\/span> <span class=\"OpDesc\">Is Selected<\/span> ","Conjuction":"And"},"3":{"LogicType":"Question","QuestionID":"QID25","QuestionIsInLoop":"no","ChoiceLocator":"q:\/\/QID25\/SelectableChoice\/1","Operator":"Selected","QuestionIDFromLocator":"QID25","LeftOperand":"q:\/\/QID25\/SelectableChoice\/1","Type":"Expression","Description":"<span class=\"ConjDesc\">And<\/span> <span class=\"QuestionDesc\">Have you ever been drunk or tipsy in your life?<\/span> <span class=\"LeftOpDesc\">No, I have never been tipsy or drunk.<\/span> <span class=\"OpDesc\">Is Selected<\/span> ","Conjuction":"And"},"Type":"If"},"Type":"BooleanExpression","inPage":false}}},{"SurveyID":"SV_eUIXBV6T4zJ27ch","Element":"SQ","PrimaryAttribute":"QID20","SecondaryAttribute":"Welcome and thank you for you interest in this research study. The University of Amsterdam is con...","TertiaryAttribute":null,"Payload":{"QuestionText":"<p><span style=\"font-size:16px;\"><span style=\"font-family:Arial,Helvetica,sans-serif;\"><strong>Welcome and thank you for you interest in this research study.<\/strong><br>\n<br>\nThe University of Amsterdam is conducting this project to understand the effects of messages (words and pictures) from social media and commercial sources which you may come across on the internet on your perceptions of the messages themselves and of related behaviors.<br>\n<br>\nThis online survey takes, on average, 60 minutes. You can choose to be reimbursed through a bank transfer of 7.50 Euro or 1.0 Communication Science research credits at the University of Amsterdam (active students only).<\/span><\/span><\/p>\n\n<p>&nbsp;<\/p>\n\n<p><u><strong><span style=\"font-size:16px;\"><font face=\"Arial, Helvetica, sans-serif\">You are eligible to participate if:<\/font><\/span><\/strong><\/u><\/p>\n\n<p><span style=\"font-size:16px;\"><font face=\"Arial, Helvetica, sans-serif\">- You have made experiences with drinking alcohol in your life.<\/font><\/span><\/p>\n\n<p><span style=\"font-size:16px;\"><font face=\"Arial, Helvetica, sans-serif\">- You have an Instagram account.<\/font><\/span><\/p>\n\n<p><span style=\"font-size:16px;\"><font face=\"Arial, Helvetica, sans-serif\">- You are at least 18 years of age.<\/font><br>\n<br>\n<font face=\"Arial, Helvetica, sans-serif\">You will be asked to view multiple messages and provide ratings of your perceptions of these messages and related behaviors and ideas. You will also be asked to provide some information about yourself, such as basic demographic information (for instance, gender and age). Note that some of the images may be disturbing to some participants (e.g. depicting an accident or a fight). If you would prefer not to see such content, please do not participate in this study.<\/font><\/span><span style=\"font-family: Times;\"><o:p><\/o:p><\/span><\/p>\n\n<p>&nbsp;<\/p>\n\n<p><span style=\"font-family:Arial,Helvetica,sans-serif;\"><span style=\"font-size:16px;\">Your participation is voluntary which means you can choose whether or not to participate. If you decide to participate or not to participate, there will be no loss of benefits to which you are otherwise entitled. Before you make a decision, you will need to know the possible risks and benefits of being in the study and what you will have to do if you decide to participate. <strong><u>All this information is provided in the following:<\/u><\/strong>&nbsp;<a href=\"https:\/\/surfdrive.surf.nl\/files\/index.php\/s\/Lo75P76FYidn7RP\" target=\"_blank\">Click here to access the form<\/a><\/span><\/span><\/p>\n\n<p><span style=\"font-family: Times;\"><o:p><\/o:p><\/span><\/p>","DefaultChoices":false,"DataExportTag":"icf_info","QuestionID":"QID20","QuestionType":"DB","Selector":"TB","Configuration":{"QuestionDescriptionOption":"UseText"},"QuestionDescription":"Welcome and thank you for you interest in this research study. The University of Amsterdam is con...","ChoiceOrder":[],"Validation":{"Settings":{"Type":"None"}},"GradingData":[],"Language":[],"NextChoiceId":6,"NextAnswerId":1,"DataVisibility":{"Private":false,"Hidden":false}}},{"SurveyID":"SV_eUIXBV6T4zJ27ch","Element":"SQ","PrimaryAttribute":"QID17","SecondaryAttribute":"What is your age? (in years)","TertiaryAttribute":null,"Payload":{"QuestionText":"What is your age? (in years)","DefaultChoices":false,"DataExportTag":"age","QuestionType":"TE","Selector":"SL","DataVisibility":{"Private":false,"Hidden":false},"Configuration":{"QuestionDescriptionOption":"UseText"},"QuestionDescription":"What is your age? (in years)","Validation":{"Settings":{"ForceResponse":"ON","ForceResponseType":"ON","Type":"ContentType","ContentType":"ValidNumber","ValidDateType":"DateWithFormat","ValidPhoneType":"ValidUSPhone","ValidZipType":"ValidUSZip","ValidNumber":{"Min":"0","Max":"120","NumDecimals":""}}},"GradingData":[],"Language":[],"NextChoiceId":4,"NextAnswerId":1,"SearchSource":{"AllowFreeResponse":"false"},"QuestionID":"QID17"}},{"SurveyID":"SV_eUIXBV6T4zJ27ch","Element":"SQ","PrimaryAttribute":"QID19","SecondaryAttribute":"What is your gender?","TertiaryAttribute":null,"Payload":{"QuestionText":"What is your gender?","DataExportTag":"gender","QuestionType":"MC","Selector":"SAVR","SubSelector":"TX","DataVisibility":{"Private":false,"Hidden":false},"Configuration":{"QuestionDescriptionOption":"UseText","Autoscale":{"YScale":{"Name":"maleFemale","Type":"likert","Reverse":false}}},"QuestionDescription":"What is your gender?","Choices":{"1":{"Display":"Male"},"2":{"Display":"Female"},"3":{"Display":"Non-binary"},"4":{"Display":"Prefer to self-describe","TextEntry":"true"},"5":{"Display":"Prefer not to say"}},"ChoiceOrder":[1,2,3,4,5],"Validation":{"Settings":{"ForceResponse":"RequestResponse","ForceResponseType":"RequestResponse","Type":"None"}},"Language":[],"NextChoiceId":6,"NextAnswerId":1,"QuestionID":"QID19"}},{"SurveyID":"SV_eUIXBV6T4zJ27ch","Element":"SQ","PrimaryAttribute":"QID2","SecondaryAttribute":"Which of the following categories best describe your current diet? Omnivorous Consume animal prod...","TertiaryAttribute":null,"Payload":{"QuestionText":"Which of the following categories best describe your current diet?<div><br><\/div><div><div><b>Omnivorous<\/b><\/div><div>Consume animal products, except those excluded for taste preference, medical (e.g., allergy, intolerance), and\/or religious reasons.<\/div><div><br><\/div><div><b>Semi- or partial vegetarian<span style=\"white-space:pre\">\t<\/span><\/b><\/div><div>Consume some, but not all, of the following: red meat (beef, veal, etc.), pork, poultry, fish, and\/or seafood. Consume eggs and dairy products.<\/div><div><br><\/div><div><b>Vegetarian<span style=\"white-space:pre\">\t<\/span><\/b><\/div><div>Never consume red meat (beef, veal, etc.), pork, poultry, fish, or seafood, but may consume eggs and\/or dairy products.<\/div><div><br><\/div><div><b>Strict vegetarian or dietary vegan<span style=\"white-space:pre\">\t<\/span><\/b><\/div><div>Never consume any animal products, including red meat (beef, veal, etc.), pork, poultry, fish, seafood, eggs, dairy products, or other animal products (e.g., gelatin, casein, etc.).<\/div><div><br><\/div><div><b>Lifestyle vegan<span style=\"white-space:pre\">\t<\/span><\/b><\/div><div>Never consume any animal products, and avoid some or all non-food animal products (e.g., leather, silk, cosmetics containing animal ingredients, etc.) and\/or products tested on animals.<\/div><\/div>","DefaultChoices":false,"DataExportTag":"diet","QuestionType":"MC","Selector":"DL","DataVisibility":{"Private":false,"Hidden":false},"Configuration":{"QuestionDescriptionOption":"UseText"},"QuestionDescription":"Which of the following categories best describe your current diet? Omnivorous Consume animal prod...","Choices":{"1":{"Display":"Omnivorous"},"4":{"Display":"Semi- or partial vegetarian\t"},"5":{"Display":"Vegetarian\t"},"6":{"Display":"Strict vegetarian or dietary vegan\t"},"7":{"Display":"Lifestyle vegan"}},"ChoiceOrder":["1","4","5","6","7"],"Validation":{"Settings":{"ForceResponse":"OFF","ForceResponseType":"ON","Type":"None"}},"GradingData":[],"Language":[],"NextChoiceId":8,"NextAnswerId":1,"QuestionID":"QID2"}}]}