{"SurveyEntry":{"SurveyID":"SV_dm2GqmyUtKbHr6Z","SurveyName":"Scanner_Task_Pilot_S2","SurveyDescription":null,"SurveyOwnerID":"UR_1AE0Rh41M9EmPUF","SurveyBrandID":"uvacommscience","DivisionID":null,"SurveyLanguage":"EN","SurveyActiveResponseSet":"RS_eW1bevoJSaZD5zf","SurveyStatus":"Inactive","SurveyStartDate":"0000-00-00 00:00:00","SurveyExpirationDate":"0000-00-00 00:00:00","SurveyCreationDate":"2020-11-12 07:50:42","CreatorID":"UR_1AE0Rh41M9EmPUF","LastModified":"2023-08-31 13:58:42","LastAccessed":"0000-00-00 00:00:00","LastActivated":"2020-11-12 08:20:36","Deleted":null},"SurveyElements":[{"SurveyID":"SV_dm2GqmyUtKbHr6Z","Element":"BL","PrimaryAttribute":"Survey Blocks","SecondaryAttribute":null,"TertiaryAttribute":null,"Payload":[{"Type":"Default","Description":"Alcohol Value Task Debrief","ID":"BL_agFVjnqIfnXURq5","BlockElements":[{"Type":"Question","QuestionID":"QID1"},{"Type":"Question","QuestionID":"QID2"},{"Type":"Question","QuestionID":"QID3"}]},{"Type":"Trash","Description":"Trash \/ Unused Questions","ID":"BL_6rruwhVFYIzM1tX"},{"Type":"Standard","SubType":"","Description":"forward","ID":"BL_0cBDw5hFyG86Rtb","BlockElements":[{"Type":"Question","QuestionID":"QID4"}]}]},{"SurveyID":"SV_dm2GqmyUtKbHr6Z","Element":"FL","PrimaryAttribute":"Survey Flow","SecondaryAttribute":null,"TertiaryAttribute":null,"Payload":{"Type":"Root","FlowID":"FL_1","Flow":[{"Type":"EmbeddedData","FlowID":"FL_4","EmbeddedData":[{"Description":"pID","Type":"Recipient","Field":"pID","VariableType":"String","DataVisibility":[],"AnalyzeText":false},{"Description":"cond","Type":"Custom","Field":"cond","VariableType":"String","DataVisibility":[],"AnalyzeText":false,"Value":"${rand:\/\/int\/0:31}"}]},{"Type":"Block","ID":"BL_agFVjnqIfnXURq5","FlowID":"FL_2","Autofill":[]},{"Type":"Standard","ID":"BL_0cBDw5hFyG86Rtb","FlowID":"FL_3","Autofill":[]}],"Properties":{"Count":4,"RemovedFieldsets":[]}}},{"SurveyID":"SV_dm2GqmyUtKbHr6Z","Element":"PL","PrimaryAttribute":"Preview Link","SecondaryAttribute":null,"TertiaryAttribute":null,"Payload":{"PreviewType":"Brand","PreviewID":"06869a72-b208-4bcb-bd33-29d9b8df98ab"}},{"SurveyID":"SV_dm2GqmyUtKbHr6Z","Element":"SO","PrimaryAttribute":"Survey Options","SecondaryAttribute":null,"TertiaryAttribute":null,"Payload":{"BackButton":"false","SaveAndContinue":"true","SurveyProtection":"PublicSurvey","BallotBoxStuffingPrevention":"false","NoIndex":"Yes","SecureResponseFiles":"true","SurveyExpiration":null,"SurveyTermination":"Redirect","Header":"","Footer":"","ProgressBarDisplay":"None","PartialData":"+1 week","ValidationMessage":null,"PreviousButton":" \u2190 ","NextButton":" \u2192 ","SurveyTitle":"Online Survey Software | Qualtrics Survey Solutions","SkinLibrary":"uvacommscience","SkinType":"MQ","Skin":"uvacommscience1_new","NewScoring":1,"SurveyName":"Scanner_Task_Pilot_S2","EOSMessage":"","ShowExportTags":"false","CollectGeoLocation":"false","SurveyMetaDescription":"The most powerful, simple and trusted way to gather experience data. Start your journey to experience management and try a free account today.","PasswordProtection":"No","AnonymizeResponse":"No","Password":"","RefererCheck":"No","RefererURL":"http:\/\/","UseCustomSurveyLinkCompletedMessage":null,"SurveyLinkCompletedMessage":"","SurveyLinkCompletedMessageLibrary":"","ResponseSummary":"No","EOSMessageLibrary":"","EOSRedirectURL":"https:\/\/pavlovia.org\/run\/hychan\/message-task?pID=${e:\/\/Field\/pID}&cond=${e:\/\/Field\/cond}","EmailThankYou":"false","ThankYouEmailMessageLibrary":null,"ThankYouEmailMessage":null,"ValidateMessage":"false","ValidationMessageLibrary":null,"InactiveSurvey":"DefaultMessage","PartialDataCloseAfter":"LastActivity","ActiveResponseSet":null,"InactiveMessageLibrary":"","InactiveMessage":"","AvailableLanguages":{"EN":[]},"ProtectSelectionIds":true}},{"SurveyID":"SV_dm2GqmyUtKbHr6Z","Element":"SCO","PrimaryAttribute":"Scoring","SecondaryAttribute":null,"TertiaryAttribute":null,"Payload":{"ScoringCategories":[],"ScoringCategoryGroups":[],"ScoringSummaryCategory":null,"ScoringSummaryAfterQuestions":0,"ScoringSummaryAfterSurvey":0,"DefaultScoringCategory":null,"AutoScoringCategory":null}},{"SurveyID":"SV_dm2GqmyUtKbHr6Z","Element":"PROJ","PrimaryAttribute":"CORE","SecondaryAttribute":null,"TertiaryAttribute":"1.1.0","Payload":{"ProjectCategory":"CORE","SchemaVersion":"1.1.0"}},{"SurveyID":"SV_dm2GqmyUtKbHr6Z","Element":"STAT","PrimaryAttribute":"Survey Statistics","SecondaryAttribute":null,"TertiaryAttribute":null,"Payload":{"MobileCompatible":true,"ID":"Survey Statistics"}},{"SurveyID":"SV_dm2GqmyUtKbHr6Z","Element":"QC","PrimaryAttribute":"Survey Question Count","SecondaryAttribute":"4","TertiaryAttribute":null,"Payload":null},{"SurveyID":"SV_dm2GqmyUtKbHr6Z","Element":"RS","PrimaryAttribute":"RS_eW1bevoJSaZD5zf","SecondaryAttribute":"Default Response Set","TertiaryAttribute":null,"Payload":null},{"SurveyID":"SV_dm2GqmyUtKbHr6Z","Element":"SQ","PrimaryAttribute":"QID3","SecondaryAttribute":"Is there anything else that you would like to tell us about your experience with the alcohol task?","TertiaryAttribute":null,"Payload":{"QuestionText":"Is there anything else that you would like to tell us about your experience with the alcohol task?","DefaultChoices":false,"DataExportTag":"open_debrief","QuestionType":"TE","Selector":"ML","Configuration":{"QuestionDescriptionOption":"UseText"},"QuestionDescription":"Is there anything else that you would like to tell us about your experience with the alcohol task?","Validation":{"Settings":{"ForceResponse":"OFF","ForceResponseType":"ON","Type":"None"}},"GradingData":[],"Language":[],"NextChoiceId":6,"NextAnswerId":1,"SearchSource":{"AllowFreeResponse":"false"},"QuestionID":"QID3","DataVisibility":{"Private":false,"Hidden":false}}},{"SurveyID":"SV_dm2GqmyUtKbHr6Z","Element":"SQ","PrimaryAttribute":"QID4","SecondaryAttribute":"Next, we will forward you to a second, shorter computer task which you can again complete in your...","TertiaryAttribute":null,"Payload":{"QuestionText":"Next, we will forward you to a second, shorter computer task which you can again complete in your browser. While completing the task, please keep in mind the following:\n<div>&nbsp;<\/div>\n\n<ul>\n\t<li>Read all instructions carefully.<\/li>\n\t<li>After that, the task will begin to proceed from screen to screen automatically (you will be told when this begins). During the automatic part of the task, you will be asked to respond to texts and questions on the screen in a fixed amount of time.&nbsp;<\/li>\n\t<li><u><strong>The task takes about 15 minutes. Please try to stay focused throughout the task!<\/strong><\/u><\/li>\n\t<li>The task may take a few seconds to load in the beginning. Please be patient.&nbsp;<\/li>\n\t<li>At the end of the task, you will be sent back to Qualtrics to finish this survey.<\/li>\n<\/ul>\nStart the task now by hitting the forward button.<br>\n&nbsp;","DefaultChoices":false,"DataExportTag":"Q5","QuestionType":"DB","Selector":"TB","DataVisibility":{"Private":false,"Hidden":false},"Configuration":{"QuestionDescriptionOption":"UseText"},"QuestionDescription":"Next, we will forward you to a second, shorter computer task which you can again complete in your...","ChoiceOrder":[],"Validation":{"Settings":{"Type":"None"}},"GradingData":[],"Language":[],"NextChoiceId":4,"NextAnswerId":1,"QuestionID":"QID4"}},{"SurveyID":"SV_dm2GqmyUtKbHr6Z","Element":"SQ","PrimaryAttribute":"QID1","SecondaryAttribute":"Thank you for completing the alcohol task and welcome back to the survey!\u00a0 \u00a0 \u00a0 We will now ask yo","TertiaryAttribute":null,"Payload":{"QuestionText":"<strong>Thank you for completing the alcohol task and welcome back to the survey!&nbsp;<\/strong>\n<div>&nbsp;<\/div>\n\n<div>&nbsp;<\/div>\n\n<div>We will now ask you a few questions about your experience while completing the alcohol task.<\/div>","DefaultChoices":false,"DataExportTag":"Q1","QuestionType":"DB","Selector":"TB","Configuration":{"QuestionDescriptionOption":"UseText"},"QuestionDescription":"Thank you for completing the alcohol task and welcome back to the survey!\u00a0 \u00a0 \u00a0 We will now ask yo...","ChoiceOrder":[],"Validation":{"Settings":{"Type":"None"}},"GradingData":[],"Language":[],"NextChoiceId":4,"NextAnswerId":1,"QuestionID":"QID1"}},{"SurveyID":"SV_dm2GqmyUtKbHr6Z","Element":"SQ","PrimaryAttribute":"QID2","SecondaryAttribute":"To what extent do you agree or disagree with the following statements about your experience with...","TertiaryAttribute":null,"Payload":{"QuestionText":"To what extent do you agree or disagree with the following statements about your experience with the alcohol task?","DefaultChoices":false,"DataExportTag":"alc_val_task_debrief","QuestionType":"Matrix","Selector":"Likert","SubSelector":"SingleAnswer","Configuration":{"QuestionDescriptionOption":"UseText","TextPosition":"inline","ChoiceColumnWidth":25,"RepeatHeaders":"middle","WhiteSpace":"OFF","MobileFirst":true},"QuestionDescription":"To what extent do you agree or disagree with the following statements about your experience with...","Choices":{"1":{"Display":"The task was easy to understand."},"2":{"Display":"I did not know what I was supposed to do."},"3":{"Display":"The ratings I provided really reflect my preferences and feelings."},"4":{"Display":"I liked this task."},"5":{"Display":"I had trouble focusing."},"6":{"Display":"I wasn't able to properly engage in the task, because it was too fast."},"7":{"Display":"The speed with which the task moved from screen to screen was good."},"8":{"Display":"The task was interesting."}},"ChoiceOrder":[1,2,3,4,5,6,7,8],"Validation":{"Settings":{"ForceResponse":"ON","ForceResponseType":"ON","Type":"None"}},"GradingData":[],"Language":[],"NextChoiceId":9,"NextAnswerId":8,"Answers":{"1":{"Display":"Totally disagree"},"2":{"Display":"&nbsp;"},"3":{"Display":"&nbsp;"},"4":{"Display":"&nbsp;"},"5":{"Display":"&nbsp;"},"6":{"Display":"&nbsp;"},"7":{"Display":"Totally agree"}},"AnswerOrder":[1,2,3,4,5,6,7],"ChoiceDataExportTags":false,"QuestionID":"QID2","Randomization":{"Advanced":null,"Type":"All","TotalRandSubset":""}}}]}