{"SurveyEntry":{"SurveyID":"SV_4YNULZgDaYeZm4J","SurveyName":"Scanner_Task_Pilot_S3","SurveyDescription":null,"SurveyOwnerID":"UR_1AE0Rh41M9EmPUF","SurveyBrandID":"uvacommscience","DivisionID":null,"SurveyLanguage":"EN","SurveyActiveResponseSet":"RS_0uosjTHEbff72T3","SurveyStatus":"Active","SurveyStartDate":"0000-00-00 00:00:00","SurveyExpirationDate":"0000-00-00 00:00:00","SurveyCreationDate":"2020-11-12 08:00:47","CreatorID":"UR_1AE0Rh41M9EmPUF","LastModified":"2023-08-31 14:02:00","LastAccessed":"0000-00-00 00:00:00","LastActivated":"2020-11-24 05:48:06","Deleted":null},"SurveyElements":[{"SurveyID":"SV_4YNULZgDaYeZm4J","Element":"BL","PrimaryAttribute":"Survey Blocks","SecondaryAttribute":null,"TertiaryAttribute":null,"Payload":[{"Type":"Default","Description":"Default Question Block","ID":"BL_eeMqnqR4Eg36DhX","BlockElements":[{"Type":"Question","QuestionID":"QID7"},{"Type":"Question","QuestionID":"QID1"}]},{"Type":"Trash","Description":"Trash \/ Unused Questions","ID":"BL_9Nt98T6NnbetLGR"},{"Type":"Standard","SubType":"","Description":"Sign-off","ID":"BL_1XJr5xExXbYApFz","BlockElements":[{"Type":"Question","QuestionID":"QID19"},{"Type":"Question","QuestionID":"QID20"},{"Type":"Question","QuestionID":"QID2"}]},{"Type":"Standard","SubType":"","Description":"Block 2","ID":"BL_2ajZr86kQUEBDJr","BlockElements":[{"Type":"Question","QuestionID":"QID4"},{"Type":"Question","QuestionID":"QID3"},{"Type":"Question","QuestionID":"QID8"},{"Type":"Question","QuestionID":"QID9"},{"Type":"Question","QuestionID":"QID10"},{"Type":"Question","QuestionID":"QID11"},{"Type":"Question","QuestionID":"QID12"},{"Type":"Question","QuestionID":"QID13"},{"Type":"Question","QuestionID":"QID14"}],"Options":{"BlockLocking":"false","RandomizeQuestions":"Advanced","Randomization":{"Advanced":{"FixedOrder":["QID4","{~Randomized~}","{~Randomized~}","{~Randomized~}","{~Randomized~}","{~Randomized~}","{~Randomized~}","{~Randomized~}","{~Randomized~}"],"RandomizeAll":["QID3","QID8","QID9","QID10","QID11","QID12","QID13","QID14"],"RandomSubSet":[],"Undisplayed":[],"TotalRandSubset":0,"QuestionsPerPage":0},"EvenPresentation":false}}},{"Type":"Standard","SubType":"","Description":"Video","ID":"BL_54Sl1O96bWC69Wl","BlockElements":[{"Type":"Question","QuestionID":"QID15"},{"Type":"Page Break"},{"Type":"Question","QuestionID":"QID5"},{"Type":"Question","QuestionID":"QID6"}]},{"Type":"Standard","SubType":"","Description":"Block 4","ID":"BL_1AGtncUWvMBhI33","BlockElements":[{"Type":"Question","QuestionID":"QID16"},{"Type":"Page Break"},{"Type":"Question","QuestionID":"QID17"},{"Type":"Page Break"},{"Type":"Question","QuestionID":"QID18"}]}]},{"SurveyID":"SV_4YNULZgDaYeZm4J","Element":"FL","PrimaryAttribute":"Survey Flow","SecondaryAttribute":null,"TertiaryAttribute":null,"Payload":{"Type":"Root","FlowID":"FL_1","Flow":[{"Type":"EmbeddedData","FlowID":"FL_4","EmbeddedData":[{"Description":"pID","Type":"Recipient","Field":"pID","VariableType":"String","DataVisibility":[],"AnalyzeText":false},{"Description":"cond","Type":"Recipient","Field":"cond","VariableType":"String","DataVisibility":[],"AnalyzeText":false}]},{"Type":"EmbeddedData","FlowID":"FL_5","EmbeddedData":[{"Description":"tid","Type":"Custom","Field":"tid","VariableType":"String","DataVisibility":[],"AnalyzeText":false,"Value":"${e:\/\/Field\/pID}"}]},{"Type":"Block","ID":"BL_eeMqnqR4Eg36DhX","FlowID":"FL_2","Autofill":[]},{"Type":"Standard","ID":"BL_2ajZr86kQUEBDJr","FlowID":"FL_6","Autofill":[]},{"Type":"Standard","ID":"BL_54Sl1O96bWC69Wl","FlowID":"FL_7","Autofill":[]},{"ID":"BL_1AGtncUWvMBhI33","Type":"Standard","FlowID":"FL_9"},{"Type":"Standard","ID":"BL_1XJr5xExXbYApFz","FlowID":"FL_3","Autofill":[]}],"Properties":{"Count":9,"RemovedFieldsets":[]}}},{"SurveyID":"SV_4YNULZgDaYeZm4J","Element":"PL","PrimaryAttribute":"Preview Link","SecondaryAttribute":null,"TertiaryAttribute":null,"Payload":{"PreviewType":"Brand","PreviewID":"c6624fd1-5d50-4efe-86db-1bae6f4cbf98"}},{"SurveyID":"SV_4YNULZgDaYeZm4J","Element":"SO","PrimaryAttribute":"Survey Options","SecondaryAttribute":null,"TertiaryAttribute":null,"Payload":{"BackButton":"false","SaveAndContinue":"true","SurveyProtection":"PublicSurvey","BallotBoxStuffingPrevention":"false","NoIndex":"Yes","SecureResponseFiles":"true","SurveyExpiration":null,"SurveyTermination":"Redirect","Header":"","Footer":"","ProgressBarDisplay":"None","PartialData":"+1 week","ValidationMessage":null,"PreviousButton":" \u2190 ","NextButton":" \u2192 ","SurveyTitle":"Online Survey Software | Qualtrics Survey Solutions","SkinLibrary":"uvacommscience","SkinType":"MQ","Skin":"uvacommscience1_new","NewScoring":1,"SurveyName":"Scanner_Task_Pilot_S3","EOSMessage":"","ShowExportTags":"false","CollectGeoLocation":"false","SurveyMetaDescription":"The most powerful, simple and trusted way to gather experience data. Start your journey to experience management and try a free account today.","PasswordProtection":"No","AnonymizeResponse":"No","Password":"","RefererCheck":"No","RefererURL":"http:\/\/","UseCustomSurveyLinkCompletedMessage":null,"SurveyLinkCompletedMessage":"","SurveyLinkCompletedMessageLibrary":"","ResponseSummary":"No","EOSMessageLibrary":"","EOSRedirectURL":"https:\/\/www.lab.uva.nl\/lab\/index.php\/projects\/end_online_project\/${e:\/\/Field\/tid}","EmailThankYou":"false","ThankYouEmailMessageLibrary":null,"ThankYouEmailMessage":null,"ValidateMessage":"false","ValidationMessageLibrary":null,"InactiveSurvey":"DefaultMessage","PartialDataCloseAfter":"LastActivity","ActiveResponseSet":null,"InactiveMessageLibrary":"","InactiveMessage":"","AvailableLanguages":{"EN":[]},"ProtectSelectionIds":true}},{"SurveyID":"SV_4YNULZgDaYeZm4J","Element":"SCO","PrimaryAttribute":"Scoring","SecondaryAttribute":null,"TertiaryAttribute":null,"Payload":{"ScoringCategories":[],"ScoringCategoryGroups":[],"ScoringSummaryCategory":null,"ScoringSummaryAfterQuestions":0,"ScoringSummaryAfterSurvey":0,"DefaultScoringCategory":null,"AutoScoringCategory":null}},{"SurveyID":"SV_4YNULZgDaYeZm4J","Element":"PROJ","PrimaryAttribute":"CORE","SecondaryAttribute":null,"TertiaryAttribute":"1.1.0","Payload":{"ProjectCategory":"CORE","SchemaVersion":"1.1.0"}},{"SurveyID":"SV_4YNULZgDaYeZm4J","Element":"STAT","PrimaryAttribute":"Survey Statistics","SecondaryAttribute":null,"TertiaryAttribute":null,"Payload":{"MobileCompatible":false,"ID":"Survey Statistics"}},{"SurveyID":"SV_4YNULZgDaYeZm4J","Element":"SQ","PrimaryAttribute":"QID3","SecondaryAttribute":" ","TertiaryAttribute":null,"Payload":{"QuestionText":"<div class=\"namePic\" style=\"background-image: url(https:\/\/uvacommscience.eu.qualtrics.com\/ControlPanel\/Graphic.php?IM=IM_e9jG3o7UVgzDHgN\n); width:750px; height:90px\"><img class=\"facePic\" src=\"https:\/\/uvacommscience.eu.qualtrics.com\/ControlPanel\/Graphic.php?IM=IM_e9jG3o7UVgzDHgN\"><\/div>","QuestionJS":"Qualtrics.SurveyEngine.addOnload(function()\n{\n\t\/*Place your JavaScript here to run when the page loads*\/\n\tvar jq = jQuery.noConflict();\n\t\n\tvar qID = \"#\" + this.questionId;\n\t\n\tvar p = 0;\n\t\n\tvar nameID = parseInt(window.nameCond[p]) - 1;\n\tvar faceID = parseInt(window.faceCond[p]) - 1;\n\t\n\tjq(qID + \" .namePic\").css(\"background-image\", \"url(\"+window.nameURLs[nameID]+\")\");\n\tjq(qID + \" .facePic\").attr(\"src\", window.faceURLs[faceID]);\n\t\n});\n\nQualtrics.SurveyEngine.addOnReady(function()\n{\n\t\/*Place your JavaScript here to run when the page is fully displayed*\/\n\n});\n\nQualtrics.SurveyEngine.addOnUnload(function()\n{\n\t\/*Place your JavaScript here to run when the page is unloaded*\/\n\n});","DefaultChoices":false,"DataExportTag":"Q2.2","QuestionID":"QID3","QuestionType":"Matrix","Selector":"Likert","SubSelector":"SingleAnswer","DataVisibility":{"Private":false,"Hidden":false},"Configuration":{"QuestionDescriptionOption":"UseText","TextPosition":"inline","Autoscale":{"XScale":{"Name":"agreeDisagree","Type":"likert","Reverse":true}},"ChoiceColumnWidth":25,"RepeatHeaders":"none","WhiteSpace":"OFF","MobileFirst":true},"QuestionDescription":" ","Choices":{"18":{"Display":"This user supports eating more meat."},"19":{"Display":"This user is persuasive to me."}},"ChoiceOrder":["18","19"],"Validation":{"Settings":{"ForceResponse":"ON","ForceResponseType":"ON","Type":"None"}},"GradingData":[],"Language":[],"NextChoiceId":25,"NextAnswerId":18,"Answers":{"11":{"Display":"Strongly disagree"},"12":{"Display":"Disagree"},"13":{"Display":"Somewhat disagree"},"14":{"Display":"Neither agree nor disagree"},"15":{"Display":"Somewhat agree"},"16":{"Display":"Agree"},"17":{"Display":"Strongly agree"}},"AnswerOrder":["11","12","13","14","15","16","17"],"ChoiceDataExportTags":false,"QuestionText_Unsafe":"<div class=\"namePic\" style=\"background-image: url(https:\/\/uvacommscience.eu.qualtrics.com\/ControlPanel\/Graphic.php?IM=IM_e9jG3o7UVgzDHgN\n); width:750px; height:90px\"><img class=\"facePic\" src=\"https:\/\/uvacommscience.eu.qualtrics.com\/ControlPanel\/Graphic.php?IM=IM_e9jG3o7UVgzDHgN\"><\/div>","RecodeValues":{"11":"1","12":"2","13":"3","14":"4","15":"5","16":"6","17":"7"}}},{"SurveyID":"SV_4YNULZgDaYeZm4J","Element":"SQ","PrimaryAttribute":"QID7","SecondaryAttribute":" ","TertiaryAttribute":null,"Payload":{"QuestionText":"&nbsp;","DefaultChoices":false,"DataExportTag":"Q1.1","QuestionType":"DB","Selector":"TB","Configuration":{"QuestionDescriptionOption":"UseText"},"QuestionDescription":" ","ChoiceOrder":[],"Validation":{"Settings":{"Type":"None"}},"GradingData":[],"Language":[],"NextChoiceId":4,"NextAnswerId":1,"QuestionID":"QID7","QuestionJS":"Qualtrics.SurveyEngine.addOnload(function()\n{\n\t\/*Place your JavaScript here to run when the page loads*\/\n\twindow.faceURLs = [ \n\"https:\/\/uvacommscience.eu.qualtrics.com\/ControlPanel\/Graphic.php?IM=IM_07n918tge8A7ll3\",\n\"https:\/\/uvacommscience.eu.qualtrics.com\/ControlPanel\/Graphic.php?IM=IM_el0iEJfRhK7RXWR\",\n\"https:\/\/uvacommscience.eu.qualtrics.com\/ControlPanel\/Graphic.php?IM=IM_9XgXNU2GXFDaWlT\",\n\"https:\/\/uvacommscience.eu.qualtrics.com\/ControlPanel\/Graphic.php?IM=IM_bvzrL4Ovgqrd5yt\",\n\"https:\/\/uvacommscience.eu.qualtrics.com\/ControlPanel\/Graphic.php?IM=IM_1UplUajiQ0shUbP\",\n\"https:\/\/uvacommscience.eu.qualtrics.com\/ControlPanel\/Graphic.php?IM=IM_aeKtCCYoSqmwioZ\",\n\"https:\/\/uvacommscience.eu.qualtrics.com\/ControlPanel\/Graphic.php?IM=IM_6tKXUsAI0hUye1L\",\n\"https:\/\/uvacommscience.eu.qualtrics.com\/ControlPanel\/Graphic.php?IM=IM_cLMU4n2epk9UPU9\"];\n\t\n\twindow.nameURLs = [ \n\"https:\/\/uvacommscience.eu.qualtrics.com\/ControlPanel\/Graphic.php?IM=IM_eu2LIAlQgNH8Ubr\",\n\"https:\/\/uvacommscience.eu.qualtrics.com\/ControlPanel\/Graphic.php?IM=IM_cAwYQSpwgdLO80l\",\n\"https:\/\/uvacommscience.eu.qualtrics.com\/ControlPanel\/Graphic.php?IM=IM_38db6aIcNfZnpJP\",\n\"https:\/\/uvacommscience.eu.qualtrics.com\/ControlPanel\/Graphic.php?IM=IM_6QiNHdBQoUDnNyZ\",\n\"https:\/\/uvacommscience.eu.qualtrics.com\/ControlPanel\/Graphic.php?IM=IM_3kgFo1nVBWwcjTT\",\n\"https:\/\/uvacommscience.eu.qualtrics.com\/ControlPanel\/Graphic.php?IM=IM_d754tU6Ak75aR49\",\n\"https:\/\/uvacommscience.eu.qualtrics.com\/ControlPanel\/Graphic.php?IM=IM_eqGOIxx0y7yzEnr\",\n\"https:\/\/uvacommscience.eu.qualtrics.com\/ControlPanel\/Graphic.php?IM=IM_81ExdhNQza7hQbj\" ];\n\t\n\tvar cond = parseInt(\"${e:\/\/Field\/cond}\");\n\t\nvar name_string = ['34581267',\n '34761258',\n '34571268',\n '34781265',\n '34681275',\n '34751268',\n '34871265',\n '34581267',\n '34851276',\n '34851267',\n '34571268',\n '34571268',\n '34851276',\n '34571286',\n '34851276',\n '34561278',\n '34851276',\n '34851276',\n '34871256',\n '34561287',\n '34571268',\n '34651287',\n '34681275',\n '34751286',\n '34861257',\n '34561287',\n '34561287',\n '34761285',\n '34651287',\n '34681275',\n '34761258',\n '34761258'];\n\n var face_string = ['87421356',\n '53124876',\n '12568473',\n '56384172',\n '57168432',\n '41738265',\n '56182743',\n '48271365',\n '78132465',\n '75132864',\n '13572648',\n '75814326',\n '24581637',\n '32571486',\n '35468172',\n '52618734',\n '42657813',\n '23674518',\n '58471236',\n '62583741',\n '74586231',\n '78243165',\n '54138672',\n '65247831',\n '16473852',\n '56481327',\n '56283471',\n '41857326',\n '36512847',\n '67512834',\n '47812536',\n '36281457'];\n\t\n\twindow.faceCond = face_string[cond];\n\twindow.nameCond = name_string[cond];\n});\n\nQualtrics.SurveyEngine.addOnReady(function()\n{\n\t\/*Place your JavaScript here to run when the page is fully displayed*\/\n\n});\n\nQualtrics.SurveyEngine.addOnUnload(function()\n{\n\t\/*Place your JavaScript here to run when the page is unloaded*\/\n\n});","QuestionText_Unsafe":"&nbsp;"}},{"SurveyID":"SV_4YNULZgDaYeZm4J","Element":"SQ","PrimaryAttribute":"QID8","SecondaryAttribute":" ","TertiaryAttribute":null,"Payload":{"QuestionText":"<div class=\"namePic\" style=\"background-image: url(https:\/\/uvacommscience.eu.qualtrics.com\/ControlPanel\/Graphic.php?IM=IM_e9jG3o7UVgzDHgN\n); width:750px; height:90px\"><img class=\"facePic\" src=\"https:\/\/uvacommscience.eu.qualtrics.com\/ControlPanel\/Graphic.php?IM=IM_e9jG3o7UVgzDHgN\"><\/div>","QuestionJS":"Qualtrics.SurveyEngine.addOnload(function()\n{\n\t\/*Place your JavaScript here to run when the page loads*\/\n\tvar jq = jQuery.noConflict();\n\t\n\tvar qID = \"#\" + this.questionId;\n\t\n\tvar p = 1;\n\t\n\tvar nameID = parseInt(window.nameCond[p]) - 1;\n\tvar faceID = parseInt(window.faceCond[p]) - 1;\n\t\n\tjq(qID + \" .namePic\").css(\"background-image\", \"url(\"+window.nameURLs[nameID]+\")\");\n\tjq(qID + \" .facePic\").attr(\"src\", window.faceURLs[faceID]);\n\t\n});\n\nQualtrics.SurveyEngine.addOnReady(function()\n{\n\t\/*Place your JavaScript here to run when the page is fully displayed*\/\n\n});\n\nQualtrics.SurveyEngine.addOnUnload(function()\n{\n\t\/*Place your JavaScript here to run when the page is unloaded*\/\n\n});","DefaultChoices":false,"DataExportTag":"Q2.3","QuestionID":"QID8","QuestionType":"Matrix","Selector":"Likert","SubSelector":"SingleAnswer","DataVisibility":{"Private":false,"Hidden":false},"Configuration":{"QuestionDescriptionOption":"UseText","TextPosition":"inline","Autoscale":{"XScale":{"Name":"agreeDisagree","Type":"likert","Reverse":true}},"ChoiceColumnWidth":25,"RepeatHeaders":"none","WhiteSpace":"OFF","MobileFirst":true},"QuestionDescription":" ","Choices":{"18":{"Display":"This user supports eating more meat."},"19":{"Display":"This user is persuasive to me."}},"ChoiceOrder":["18","19"],"Validation":{"Settings":{"ForceResponse":"ON","ForceResponseType":"ON","Type":"None"}},"GradingData":[],"Language":[],"NextChoiceId":25,"NextAnswerId":18,"Answers":{"11":{"Display":"Strongly disagree"},"12":{"Display":"Disagree"},"13":{"Display":"Somewhat disagree"},"14":{"Display":"Neither agree nor disagree"},"15":{"Display":"Somewhat agree"},"16":{"Display":"Agree"},"17":{"Display":"Strongly agree"}},"AnswerOrder":["11","12","13","14","15","16","17"],"ChoiceDataExportTags":false,"QuestionText_Unsafe":"<div class=\"namePic\" style=\"background-image: url(https:\/\/uvacommscience.eu.qualtrics.com\/ControlPanel\/Graphic.php?IM=IM_e9jG3o7UVgzDHgN\n); width:750px; height:90px\"><img class=\"facePic\" src=\"https:\/\/uvacommscience.eu.qualtrics.com\/ControlPanel\/Graphic.php?IM=IM_e9jG3o7UVgzDHgN\"><\/div>","RecodeValues":{"11":"1","12":"2","13":"3","14":"4","15":"5","16":"6","17":"7"}}},{"SurveyID":"SV_4YNULZgDaYeZm4J","Element":"SQ","PrimaryAttribute":"QID9","SecondaryAttribute":" ","TertiaryAttribute":null,"Payload":{"QuestionText":"<div class=\"namePic\" style=\"background-image: url(https:\/\/uvacommscience.eu.qualtrics.com\/ControlPanel\/Graphic.php?IM=IM_e9jG3o7UVgzDHgN\n); width:750px; height:90px\"><img class=\"facePic\" src=\"https:\/\/uvacommscience.eu.qualtrics.com\/ControlPanel\/Graphic.php?IM=IM_e9jG3o7UVgzDHgN\"><\/div>","QuestionJS":"Qualtrics.SurveyEngine.addOnload(function()\n{\n\t\/*Place your JavaScript here to run when the page loads*\/\n\tvar jq = jQuery.noConflict();\n\t\n\tvar qID = \"#\" + this.questionId;\n\t\n\tvar p = 2;\n\t\n\tvar nameID = parseInt(window.nameCond[p]) - 1;\n\tvar faceID = parseInt(window.faceCond[p]) - 1;\n\t\n\tjq(qID + \" .namePic\").css(\"background-image\", \"url(\"+window.nameURLs[nameID]+\")\");\n\tjq(qID + \" .facePic\").attr(\"src\", window.faceURLs[faceID]);\n\t\n});\n\nQualtrics.SurveyEngine.addOnReady(function()\n{\n\t\/*Place your JavaScript here to run when the page is fully displayed*\/\n\n});\n\nQualtrics.SurveyEngine.addOnUnload(function()\n{\n\t\/*Place your JavaScript here to run when the page is unloaded*\/\n\n});","DefaultChoices":false,"DataExportTag":"Q2.4","QuestionID":"QID9","QuestionType":"Matrix","Selector":"Likert","SubSelector":"SingleAnswer","DataVisibility":{"Private":false,"Hidden":false},"Configuration":{"QuestionDescriptionOption":"UseText","TextPosition":"inline","Autoscale":{"XScale":{"Name":"agreeDisagree","Type":"likert","Reverse":true}},"ChoiceColumnWidth":25,"RepeatHeaders":"none","WhiteSpace":"OFF","MobileFirst":true},"QuestionDescription":" ","Choices":{"18":{"Display":"This user supports eating more meat."},"19":{"Display":"This user is persuasive to me."}},"ChoiceOrder":["18","19"],"Validation":{"Settings":{"ForceResponse":"ON","ForceResponseType":"ON","Type":"None"}},"GradingData":[],"Language":[],"NextChoiceId":32,"NextAnswerId":18,"Answers":{"11":{"Display":"Strongly disagree"},"12":{"Display":"Disagree"},"13":{"Display":"Somewhat disagree"},"14":{"Display":"Neither agree nor disagree"},"15":{"Display":"Somewhat agree"},"16":{"Display":"Agree"},"17":{"Display":"Strongly agree"}},"AnswerOrder":["11","12","13","14","15","16","17"],"ChoiceDataExportTags":false,"RecodeValues":{"11":"1","12":"2","13":"3","14":"4","15":"5","16":"6","17":"7"}}},{"SurveyID":"SV_4YNULZgDaYeZm4J","Element":"SQ","PrimaryAttribute":"QID10","SecondaryAttribute":" ","TertiaryAttribute":null,"Payload":{"QuestionText":"<div class=\"namePic\" style=\"background-image: url(https:\/\/uvacommscience.eu.qualtrics.com\/ControlPanel\/Graphic.php?IM=IM_e9jG3o7UVgzDHgN\n); width:750px; height:90px\"><img class=\"facePic\" src=\"https:\/\/uvacommscience.eu.qualtrics.com\/ControlPanel\/Graphic.php?IM=IM_e9jG3o7UVgzDHgN\"><\/div>","QuestionJS":"Qualtrics.SurveyEngine.addOnload(function()\n{\n\t\/*Place your JavaScript here to run when the page loads*\/\n\tvar jq = jQuery.noConflict();\n\t\n\tvar qID = \"#\" + this.questionId;\n\t\n\tvar p = 3;\n\t\n\tvar nameID = parseInt(window.nameCond[p]) - 1;\n\tvar faceID = parseInt(window.faceCond[p]) - 1;\n\t\n\tjq(qID + \" .namePic\").css(\"background-image\", \"url(\"+window.nameURLs[nameID]+\")\");\n\tjq(qID + \" .facePic\").attr(\"src\", window.faceURLs[faceID]);\n\t\n});\n\nQualtrics.SurveyEngine.addOnReady(function()\n{\n\t\/*Place your JavaScript here to run when the page is fully displayed*\/\n\n});\n\nQualtrics.SurveyEngine.addOnUnload(function()\n{\n\t\/*Place your JavaScript here to run when the page is unloaded*\/\n\n});","DefaultChoices":false,"DataExportTag":"Q2.5","QuestionID":"QID10","QuestionType":"Matrix","Selector":"Likert","SubSelector":"SingleAnswer","DataVisibility":{"Private":false,"Hidden":false},"Configuration":{"QuestionDescriptionOption":"UseText","TextPosition":"inline","Autoscale":{"XScale":{"Name":"agreeDisagree","Type":"likert","Reverse":true}},"ChoiceColumnWidth":25,"RepeatHeaders":"none","WhiteSpace":"OFF","MobileFirst":true},"QuestionDescription":" ","Choices":{"18":{"Display":"This user supports eating more meat."},"19":{"Display":"This user is persuasive to me."}},"ChoiceOrder":["18","19"],"Validation":{"Settings":{"ForceResponse":"ON","ForceResponseType":"ON","Type":"None"}},"GradingData":[],"Language":[],"NextChoiceId":40,"NextAnswerId":18,"Answers":{"11":{"Display":"Strongly disagree"},"12":{"Display":"Disagree"},"13":{"Display":"Somewhat disagree"},"14":{"Display":"Neither agree nor disagree"},"15":{"Display":"Somewhat agree"},"16":{"Display":"Agree"},"17":{"Display":"Strongly agree"}},"AnswerOrder":["11","12","13","14","15","16","17"],"ChoiceDataExportTags":false,"RecodeValues":{"11":"1","12":"2","13":"3","14":"4","15":"5","16":"6","17":"7"}}},{"SurveyID":"SV_4YNULZgDaYeZm4J","Element":"SQ","PrimaryAttribute":"QID11","SecondaryAttribute":" ","TertiaryAttribute":null,"Payload":{"QuestionText":"<div class=\"namePic\" style=\"background-image: url(https:\/\/uvacommscience.eu.qualtrics.com\/ControlPanel\/Graphic.php?IM=IM_e9jG3o7UVgzDHgN\n); width:750px; height:90px\"><img class=\"facePic\" src=\"https:\/\/uvacommscience.eu.qualtrics.com\/ControlPanel\/Graphic.php?IM=IM_e9jG3o7UVgzDHgN\"><\/div>","QuestionJS":"Qualtrics.SurveyEngine.addOnload(function()\n{\n\t\/*Place your JavaScript here to run when the page loads*\/\n\tvar jq = jQuery.noConflict();\n\t\n\tvar qID = \"#\" + this.questionId;\n\t\n\tvar p = 4;\n\t\n\tvar nameID = parseInt(window.nameCond[p]) - 1;\n\tvar faceID = parseInt(window.faceCond[p]) - 1;\n\t\n\tjq(qID + \" .namePic\").css(\"background-image\", \"url(\"+window.nameURLs[nameID]+\")\");\n\tjq(qID + \" .facePic\").attr(\"src\", window.faceURLs[faceID]);\n\t\n});\n\nQualtrics.SurveyEngine.addOnReady(function()\n{\n\t\/*Place your JavaScript here to run when the page is fully displayed*\/\n\n});\n\nQualtrics.SurveyEngine.addOnUnload(function()\n{\n\t\/*Place your JavaScript here to run when the page is unloaded*\/\n\n});","DefaultChoices":false,"DataExportTag":"Q2.6","QuestionID":"QID11","QuestionType":"Matrix","Selector":"Likert","SubSelector":"SingleAnswer","DataVisibility":{"Private":false,"Hidden":false},"Configuration":{"QuestionDescriptionOption":"UseText","TextPosition":"inline","Autoscale":{"XScale":{"Name":"agreeDisagree","Type":"likert","Reverse":true}},"ChoiceColumnWidth":25,"RepeatHeaders":"none","WhiteSpace":"OFF","MobileFirst":true},"QuestionDescription":" ","Choices":{"18":{"Display":"This user supports eating more meat."},"19":{"Display":"This user is persuasive to me."}},"ChoiceOrder":["18","19"],"Validation":{"Settings":{"ForceResponse":"ON","ForceResponseType":"ON","Type":"None"}},"GradingData":[],"Language":[],"NextChoiceId":25,"NextAnswerId":22,"Answers":{"15":{"Display":"Strongly disagree"},"16":{"Display":"Disagree"},"17":{"Display":"Somewhat disagree"},"18":{"Display":"Neither agree nor disagree"},"19":{"Display":"Somewhat agree"},"20":{"Display":"Agree"},"21":{"Display":"Strongly agree"}},"AnswerOrder":["15","16","17","18","19","20","21"],"ChoiceDataExportTags":false,"RecodeValues":{"15":"1","16":"2","17":"3","18":"4","19":"5","20":"6","21":"7"}}},{"SurveyID":"SV_4YNULZgDaYeZm4J","Element":"SQ","PrimaryAttribute":"QID12","SecondaryAttribute":" ","TertiaryAttribute":null,"Payload":{"QuestionText":"<div class=\"namePic\" style=\"background-image: url(https:\/\/uvacommscience.eu.qualtrics.com\/ControlPanel\/Graphic.php?IM=IM_e9jG3o7UVgzDHgN\n); width:750px; height:90px\"><img class=\"facePic\" src=\"https:\/\/uvacommscience.eu.qualtrics.com\/ControlPanel\/Graphic.php?IM=IM_e9jG3o7UVgzDHgN\"><\/div>","QuestionJS":"Qualtrics.SurveyEngine.addOnload(function()\n{\n\t\/*Place your JavaScript here to run when the page loads*\/\n\tvar jq = jQuery.noConflict();\n\t\n\tvar qID = \"#\" + this.questionId;\n\t\n\tvar p = 5;\n\t\n\tvar nameID = parseInt(window.nameCond[p]) - 1;\n\tvar faceID = parseInt(window.faceCond[p]) - 1;\n\t\n\tjq(qID + \" .namePic\").css(\"background-image\", \"url(\"+window.nameURLs[nameID]+\")\");\n\tjq(qID + \" .facePic\").attr(\"src\", window.faceURLs[faceID]);\n\t\n});\n\nQualtrics.SurveyEngine.addOnReady(function()\n{\n\t\/*Place your JavaScript here to run when the page is fully displayed*\/\n\n});\n\nQualtrics.SurveyEngine.addOnUnload(function()\n{\n\t\/*Place your JavaScript here to run when the page is unloaded*\/\n\n});","DefaultChoices":false,"DataExportTag":"Q2.7","QuestionID":"QID12","QuestionType":"Matrix","Selector":"Likert","SubSelector":"SingleAnswer","DataVisibility":{"Private":false,"Hidden":false},"Configuration":{"QuestionDescriptionOption":"UseText","TextPosition":"inline","Autoscale":{"XScale":{"Name":"agreeDisagree","Type":"likert","Reverse":true}},"ChoiceColumnWidth":25,"RepeatHeaders":"none","WhiteSpace":"OFF","MobileFirst":true},"QuestionDescription":" ","Choices":{"18":{"Display":"This user supports eating more meat."},"19":{"Display":"This user is persuasive to me."}},"ChoiceOrder":["18","19"],"Validation":{"Settings":{"ForceResponse":"OFF","ForceResponseType":"ON","Type":"None"}},"GradingData":[],"Language":[],"NextChoiceId":25,"NextAnswerId":22,"Answers":{"15":{"Display":"Strongly disagree"},"16":{"Display":"Disagree"},"17":{"Display":"Somewhat disagree"},"18":{"Display":"Neither agree nor disagree"},"19":{"Display":"Somewhat agree"},"20":{"Display":"Agree"},"21":{"Display":"Strongly agree"}},"AnswerOrder":["15","16","17","18","19","20","21"],"ChoiceDataExportTags":false,"RecodeValues":{"15":"1","16":"2","17":"3","18":"4","19":"5","20":"6","21":"7"}}},{"SurveyID":"SV_4YNULZgDaYeZm4J","Element":"SQ","PrimaryAttribute":"QID13","SecondaryAttribute":" ","TertiaryAttribute":null,"Payload":{"QuestionText":"<div class=\"namePic\" style=\"background-image: url(https:\/\/uvacommscience.eu.qualtrics.com\/ControlPanel\/Graphic.php?IM=IM_e9jG3o7UVgzDHgN\n); width:750px; height:90px\"><img class=\"facePic\" src=\"https:\/\/uvacommscience.eu.qualtrics.com\/ControlPanel\/Graphic.php?IM=IM_e9jG3o7UVgzDHgN\"><\/div>","QuestionJS":"Qualtrics.SurveyEngine.addOnload(function()\n{\n\t\/*Place your JavaScript here to run when the page loads*\/\n\tvar jq = jQuery.noConflict();\n\t\n\tvar qID = \"#\" + this.questionId;\n\t\n\tvar p = 6;\n\t\n\tvar nameID = parseInt(window.nameCond[p]) - 1;\n\tvar faceID = parseInt(window.faceCond[p]) - 1;\n\t\n\tjq(qID + \" .namePic\").css(\"background-image\", \"url(\"+window.nameURLs[nameID]+\")\");\n\tjq(qID + \" .facePic\").attr(\"src\", window.faceURLs[faceID]);\n\t\n});\n\nQualtrics.SurveyEngine.addOnReady(function()\n{\n\t\/*Place your JavaScript here to run when the page is fully displayed*\/\n\n});\n\nQualtrics.SurveyEngine.addOnUnload(function()\n{\n\t\/*Place your JavaScript here to run when the page is unloaded*\/\n\n});","DefaultChoices":false,"DataExportTag":"Q2.8","QuestionID":"QID13","QuestionType":"Matrix","Selector":"Likert","SubSelector":"SingleAnswer","DataVisibility":{"Private":false,"Hidden":false},"Configuration":{"QuestionDescriptionOption":"UseText","TextPosition":"inline","Autoscale":{"XScale":{"Name":"agreeDisagree","Type":"likert","Reverse":true}},"ChoiceColumnWidth":25,"RepeatHeaders":"none","WhiteSpace":"OFF","MobileFirst":true},"QuestionDescription":" ","Choices":{"18":{"Display":"This user supports eating more meat."},"19":{"Display":"This user is persuasive to me."}},"ChoiceOrder":["18","19"],"Validation":{"Settings":{"ForceResponse":"OFF","ForceResponseType":"ON","Type":"None"}},"GradingData":[],"Language":[],"NextChoiceId":25,"NextAnswerId":22,"Answers":{"15":{"Display":"Strongly disagree"},"16":{"Display":"Disagree"},"17":{"Display":"Somewhat disagree"},"18":{"Display":"Neither agree nor disagree"},"19":{"Display":"Somewhat agree"},"20":{"Display":"Agree"},"21":{"Display":"Strongly agree"}},"AnswerOrder":["15","16","17","18","19","20","21"],"ChoiceDataExportTags":false,"RecodeValues":{"15":"1","16":"2","17":"3","18":"4","19":"5","20":"6","21":"7"}}},{"SurveyID":"SV_4YNULZgDaYeZm4J","Element":"SQ","PrimaryAttribute":"QID14","SecondaryAttribute":" ","TertiaryAttribute":null,"Payload":{"QuestionText":"<div class=\"namePic\" style=\"background-image: url(https:\/\/uvacommscience.eu.qualtrics.com\/ControlPanel\/Graphic.php?IM=IM_e9jG3o7UVgzDHgN\n); width:750px; height:90px\"><img class=\"facePic\" src=\"https:\/\/uvacommscience.eu.qualtrics.com\/ControlPanel\/Graphic.php?IM=IM_e9jG3o7UVgzDHgN\"><\/div>","QuestionJS":"Qualtrics.SurveyEngine.addOnload(function()\n{\n\t\/*Place your JavaScript here to run when the page loads*\/\n\tvar jq = jQuery.noConflict();\n\t\n\tvar qID = \"#\" + this.questionId;\n\t\n\tvar p = 7;\n\t\n\tvar nameID = parseInt(window.nameCond[p]) - 1;\n\tvar faceID = parseInt(window.faceCond[p]) - 1;\n\t\n\tjq(qID + \" .namePic\").css(\"background-image\", \"url(\"+window.nameURLs[nameID]+\")\");\n\tjq(qID + \" .facePic\").attr(\"src\", window.faceURLs[faceID]);\n\t\n});\n\nQualtrics.SurveyEngine.addOnReady(function()\n{\n\t\/*Place your JavaScript here to run when the page is fully displayed*\/\n\n});\n\nQualtrics.SurveyEngine.addOnUnload(function()\n{\n\t\/*Place your JavaScript here to run when the page is unloaded*\/\n\n});","DefaultChoices":false,"DataExportTag":"Q2.9","QuestionID":"QID14","QuestionType":"Matrix","Selector":"Likert","SubSelector":"SingleAnswer","DataVisibility":{"Private":false,"Hidden":false},"Configuration":{"QuestionDescriptionOption":"UseText","TextPosition":"inline","Autoscale":{"XScale":{"Name":"agreeDisagree","Type":"likert","Reverse":true}},"ChoiceColumnWidth":25,"RepeatHeaders":"none","WhiteSpace":"OFF","MobileFirst":true},"QuestionDescription":" ","Choices":{"18":{"Display":"This user supports eating more meat."},"19":{"Display":"This user is persuasive to me."}},"ChoiceOrder":["18","19"],"Validation":{"Settings":{"ForceResponse":"OFF","ForceResponseType":"ON","Type":"None"}},"GradingData":[],"Language":[],"NextChoiceId":25,"NextAnswerId":29,"Answers":{"22":{"Display":"Strongly disagree"},"23":{"Display":"Disagree"},"24":{"Display":"Somewhat disagree"},"25":{"Display":"Neither agree nor disagree"},"26":{"Display":"Somewhat agree"},"27":{"Display":"Agree"},"28":{"Display":"Strongly agree"}},"AnswerOrder":["22","23","24","25","26","27","28"],"ChoiceDataExportTags":false,"RecodeValues":{"22":"1","23":"2","24":"3","25":"4","26":"5","27":"6","28":"7"}}},{"SurveyID":"SV_4YNULZgDaYeZm4J","Element":"QC","PrimaryAttribute":"Survey Question Count","SecondaryAttribute":"20","TertiaryAttribute":null,"Payload":null},{"SurveyID":"SV_4YNULZgDaYeZm4J","Element":"SQ","PrimaryAttribute":"QID5","SecondaryAttribute":"\u00a0","TertiaryAttribute":null,"Payload":{"QuestionText":"<video class=\"qmedia\" height=\"360\" controls=\"true\" preload=\"auto\" width=\"640\" autoplay=\"true\"><source src=\"https:\/\/uvacommscience.eu.qualtrics.com\/CP\/File.php?F=F_9FuQqdBodBbYZaB\" type=\"video\/mp4\"><embed align=\"middle\" autoplay=\"true\" bgcolor=\"white\" class=\"qmedia\" controller=\"true\" height=\"360\" pluginspage=\"http:\/\/www.apple.com\/quicktime\/download\/\" src=\"https:\/\/uvacommscience.eu.qualtrics.com\/CP\/File.php?F=F_9FuQqdBodBbYZaB\" type=\"video\/quicktime\" width=\"640\"><\/video>","DefaultChoices":false,"DataExportTag":"Q3.2","QuestionID":"QID5","QuestionType":"DB","Selector":"TB","Configuration":{"QuestionDescriptionOption":"UseText"},"QuestionDescription":"\u00a0","ChoiceOrder":[],"Validation":{"Settings":{"Type":"None"}},"GradingData":[],"Language":[],"NextChoiceId":4,"NextAnswerId":1,"QuestionText_Unsafe":"<video class=\"qmedia\" controls=\"true\" height=\"360\" preload=\"auto\" width=\"640\" autoplay=\"\"><source src=\"https:\/\/uvacommscience.eu.qualtrics.com\/CP\/File.php?F=F_9FuQqdBodBbYZaB\" type=\"video\/mp4\"><embed align=\"middle\" autoplay=\"true\" bgcolor=\"white\" class=\"qmedia\" controller=\"true\" height=\"360\" pluginspage=\"http:\/\/www.apple.com\/quicktime\/download\/\" src=\"https:\/\/uvacommscience.eu.qualtrics.com\/CP\/File.php?F=F_9FuQqdBodBbYZaB\" type=\"video\/quicktime\" width=\"640\"><\/video>\u00a0","DataVisibility":{"Private":false,"Hidden":false}}},{"SurveyID":"SV_4YNULZgDaYeZm4J","Element":"RS","PrimaryAttribute":"RS_0uosjTHEbff72T3","SecondaryAttribute":"Default Response Set","TertiaryAttribute":null,"Payload":null},{"SurveyID":"SV_4YNULZgDaYeZm4J","Element":"SQ","PrimaryAttribute":"QID18","SecondaryAttribute":"Finally, to what extent do you agree or disagree with the following statements about your experie...","TertiaryAttribute":null,"Payload":{"QuestionText":"Finally, to what extent do you agree or disagree with the following statements about your experience with the task?","DefaultChoices":false,"DataExportTag":"Q4.3","QuestionType":"Matrix","Selector":"Likert","SubSelector":"SingleAnswer","DataVisibility":{"Private":false,"Hidden":false},"Configuration":{"QuestionDescriptionOption":"UseText","TextPosition":"inline","ChoiceColumnWidth":25,"RepeatHeaders":"middle","WhiteSpace":"OFF","MobileFirst":true},"QuestionDescription":"Finally, to what extent do you agree or disagree with the following statements about your experie...","Choices":{"1":{"Display":"The task was easy to understand."},"2":{"Display":"I did not know what I was supposed to do."},"3":{"Display":"The ratings I provided really reflect my preferences and feelings."},"4":{"Display":"I liked this task."},"5":{"Display":"I had trouble focusing."},"6":{"Display":"I wasn't able to properly engage in the task, because it was too fast."},"7":{"Display":"The speed with which the task moved from screen to screen was good."},"8":{"Display":"The task was interesting."}},"ChoiceOrder":[1,2,3,4,5,6,7,8],"Randomization":{"Advanced":null,"Type":"All","TotalRandSubset":""},"Validation":{"Settings":{"ForceResponse":"ON","ForceResponseType":"ON","Type":"None"}},"GradingData":[],"Language":[],"NextChoiceId":9,"NextAnswerId":8,"Answers":{"1":{"Display":"Totally disagree"},"2":{"Display":"&nbsp;"},"3":{"Display":"&nbsp;"},"4":{"Display":"&nbsp;"},"5":{"Display":"&nbsp;"},"6":{"Display":"&nbsp;"},"7":{"Display":"Totally agree"}},"AnswerOrder":[1,2,3,4,5,6,7],"ChoiceDataExportTags":false,"QuestionID":"QID18","QuestionText_Unsafe":"Finally, to what extent do you agree or disagree with the following statements about your experience with the task?"}},{"SurveyID":"SV_4YNULZgDaYeZm4J","Element":"SQ","PrimaryAttribute":"QID19","SecondaryAttribute":"How would you like to be reimbursed for participating in this study?","TertiaryAttribute":null,"Payload":{"QuestionText":"How would you like to be reimbursed for participating in this study?","DataExportTag":"reimbursement","QuestionType":"MC","Selector":"SAVR","SubSelector":"TX","Configuration":{"QuestionDescriptionOption":"UseText"},"QuestionDescription":"How would you like to be reimbursed for participating in this study?","Choices":{"1":{"Display":"7.50 Euros"},"2":{"Display":"1.0 Communication Science Research Credits"}},"ChoiceOrder":["1","2"],"Validation":{"Settings":{"ForceResponse":"OFF","ForceResponseType":"ON","Type":"None"}},"Language":[],"NextChoiceId":4,"NextAnswerId":1,"QuestionID":"QID19"}},{"SurveyID":"SV_4YNULZgDaYeZm4J","Element":"SQ","PrimaryAttribute":"QID16","SecondaryAttribute":"In a sentence or two, can you describe what the video is about?","TertiaryAttribute":null,"Payload":{"QuestionText":"In a sentence or two, can you describe what the video is about?","DefaultChoices":false,"DataExportTag":"Q4.1","QuestionID":"QID16","QuestionType":"TE","Selector":"ESTB","Configuration":{"QuestionDescriptionOption":"UseText"},"QuestionDescription":"In a sentence or two, can you describe what the video is about?","Validation":{"Settings":{"ForceResponse":"ON","ForceResponseType":"ON","Type":"None"}},"GradingData":[],"Language":[],"NextChoiceId":4,"NextAnswerId":1,"SearchSource":{"AllowFreeResponse":"false"},"QuestionText_Unsafe":"In a sentence or two, can you describe what the video is about?","DataVisibility":{"Private":false,"Hidden":false}}},{"SurveyID":"SV_4YNULZgDaYeZm4J","Element":"SQ","PrimaryAttribute":"QID15","SecondaryAttribute":"Lastly, you will watch a speech (3mins 45sec long) on meat consumption. After watching the video,...","TertiaryAttribute":null,"Payload":{"QuestionText":"Lastly, you will watch a speech (3mins 45sec long) on meat consumption. After watching the video, please answer a few questions.<div><br><\/div><div>Please make sure you have turned on the sound of your computer.<br><div><br><\/div><div>Click on the button to proceed. The video will start automatically.<\/div><\/div>","DefaultChoices":false,"DataExportTag":"Q3.1","QuestionID":"QID15","QuestionType":"DB","Selector":"TB","Configuration":{"QuestionDescriptionOption":"UseText"},"QuestionDescription":"Lastly, you will watch a speech (3mins 45sec long) on meat consumption. After watching the video,...","ChoiceOrder":[],"Validation":{"Settings":{"Type":"None"}},"GradingData":[],"Language":[],"NextChoiceId":4,"NextAnswerId":1,"DataVisibility":{"Private":false,"Hidden":false},"QuestionText_Unsafe":"Lastly, you will watch a video (3mins 45sec long) on meat consumption. After watching the video, please answer a few questions.<div><br><\/div><div>Click on the button to proceed. The video will start automatically.<\/div>"}},{"SurveyID":"SV_4YNULZgDaYeZm4J","Element":"SQ","PrimaryAttribute":"QID20","SecondaryAttribute":"Please enter your bank details for reimbursement:","TertiaryAttribute":null,"Payload":{"QuestionText":"Please enter your bank details for reimbursement:","DefaultChoices":false,"DataExportTag":"bank_details","QuestionType":"TE","Selector":"FORM","Configuration":{"QuestionDescriptionOption":"UseText"},"QuestionDescription":"Please enter your bank details for reimbursement:","Choices":{"1":{"Display":"Full name","InputHeight":29,"InputWidth":311,"TextEntry":"on"},"2":{"Display":"IBAN","InputHeight":29,"InputWidth":310,"TextEntry":"on"},"3":{"Display":"BIC (only needed for non-Dutch accounts)","InputHeight":29,"InputWidth":310,"TextEntry":"on"},"4":{"Display":"Address","InputHeight":29,"InputWidth":312,"TextEntry":"on"},"5":{"Display":"Date of birth","InputHeight":29,"InputWidth":314,"TextEntry":"on"}},"DisplayLogic":{"0":{"0":{"LogicType":"Question","QuestionID":"QID19","QuestionIsInLoop":"no","ChoiceLocator":"q:\/\/QID19\/SelectableChoice\/1","Operator":"Selected","QuestionIDFromLocator":"QID19","LeftOperand":"q:\/\/QID19\/SelectableChoice\/1","Type":"Expression","Description":"<span class=\"ConjDesc\">If<\/span> <span class=\"QuestionDesc\">How would you like to be reimbursed for participating in this study?<\/span> <span class=\"LeftOpDesc\">7.50 Euros<\/span> <span class=\"OpDesc\">Is Selected<\/span> "},"Type":"If"},"Type":"BooleanExpression","inPage":false},"ChoiceOrder":["1","2","3","4","5"],"Validation":{"Settings":{"ForceResponse":"OFF","ForceResponseType":"ON","Type":null}},"GradingData":[],"Language":[],"NextChoiceId":7,"NextAnswerId":1,"SearchSource":{"AllowFreeResponse":"false"},"QuestionID":"QID20"}},{"SurveyID":"SV_4YNULZgDaYeZm4J","Element":"SQ","PrimaryAttribute":"QID4","SecondaryAttribute":"Recall the messages you have read.\u00a0 Overall, what do you think about these Twitter users?","TertiaryAttribute":null,"Payload":{"QuestionText":"Recall the messages you have read.&nbsp;<div>Overall, what do you think about these Twitter users?<\/div>","DefaultChoices":false,"DataExportTag":"Q2.1","QuestionID":"QID4","QuestionType":"DB","Selector":"TB","Configuration":{"QuestionDescriptionOption":"UseText"},"QuestionDescription":"Recall the messages you have read.\u00a0 Overall, what do you think about these Twitter users?","ChoiceOrder":[],"Validation":{"Settings":{"Type":"None"}},"GradingData":[],"Language":[],"NextChoiceId":4,"NextAnswerId":1,"DataVisibility":{"Private":false,"Hidden":false},"QuestionText_Unsafe":"Recall the messages you have read.&nbsp;<div>Overall, how convincing or unconvincing do you think these Twitter users are?<\/div>"}},{"SurveyID":"SV_4YNULZgDaYeZm4J","Element":"SQ","PrimaryAttribute":"QID2","SecondaryAttribute":"Thank you for completing this survey! \u00a0 Before you leave: To ensure proper payment, please click...","TertiaryAttribute":null,"Payload":{"QuestionText":"<strong>Thank you for completing this survey!<\/strong>\n<div>&nbsp;<\/div>\n\n<div><span style=\"color:#e74c3c;\"><strong>Before you leave: <\/strong><\/span>To ensure proper payment, please click the forward button now. You will be re-directed to the UvA lab website.<\/div>","DefaultChoices":false,"DataExportTag":"Q5.1","QuestionType":"DB","Selector":"TB","Configuration":{"QuestionDescriptionOption":"UseText"},"QuestionDescription":"Thank you for completing this survey! \u00a0 Before you leave: To ensure proper payment, please click...","ChoiceOrder":[],"Validation":{"Settings":{"Type":"None"}},"GradingData":[],"Language":[],"NextChoiceId":4,"NextAnswerId":1,"QuestionID":"QID2","DataVisibility":{"Private":false,"Hidden":false},"QuestionText_Unsafe":"<strong>Thank you for completing this survey!<\/strong>\n<div>&nbsp;<\/div>\n\n<div><span style=\"color:#e74c3c;\"><strong>Before you leave: <\/strong><\/span>To ensure proper payment, please click the forward button now. You will be re-directed to the UvA lab website.<\/div>"}},{"SurveyID":"SV_4YNULZgDaYeZm4J","Element":"SQ","PrimaryAttribute":"QID1","SecondaryAttribute":"Timing","TertiaryAttribute":null,"Payload":{"QuestionText":"Timing","DefaultChoices":false,"DataExportTag":"Q1.2","QuestionID":"QID1","QuestionType":"Timing","Selector":"PageTimer","DataVisibility":{"Private":false,"Hidden":false},"Configuration":{"QuestionDescriptionOption":"UseText","MinSeconds":10,"MaxSeconds":0.200000000000000011102230246251565404236316680908203125},"QuestionDescription":"Timing","Choices":{"1":{"Display":"First Click"},"2":{"Display":"Last Click"},"3":{"Display":"Page Submit"},"4":{"Display":"Click Count"}},"GradingData":[],"Language":[],"NextChoiceId":148,"NextAnswerId":1,"QuestionJS":false,"QuestionText_Unsafe":"Timing"}},{"SurveyID":"SV_4YNULZgDaYeZm4J","Element":"SQ","PrimaryAttribute":"QID6","SecondaryAttribute":"Timing","TertiaryAttribute":null,"Payload":{"QuestionText":"Timing","DefaultChoices":false,"DataExportTag":"Q3.3","QuestionType":"Timing","Selector":"PageTimer","Configuration":{"QuestionDescriptionOption":"UseText","MinSeconds":220,"MaxSeconds":240},"QuestionDescription":"Timing","Choices":{"1":{"Display":"First Click"},"2":{"Display":"Last Click"},"3":{"Display":"Page Submit"},"4":{"Display":"Click Count"}},"GradingData":[],"Language":[],"NextChoiceId":180,"NextAnswerId":1,"QuestionID":"QID6","QuestionText_Unsafe":"Timing"}},{"SurveyID":"SV_4YNULZgDaYeZm4J","Element":"SQ","PrimaryAttribute":"QID17","SecondaryAttribute":"What do you think of the video? I find the video:","TertiaryAttribute":null,"Payload":{"QuestionText":"What do you think of the video?<div><br><\/div><div>I find the video:<\/div>","DefaultChoices":false,"DataExportTag":"Q4.2","QuestionID":"QID17","QuestionType":"Matrix","Selector":"Likert","SubSelector":"SingleAnswer","Configuration":{"QuestionDescriptionOption":"UseText","TextPosition":"inline","ChoiceColumnWidth":25,"RepeatHeaders":"none","WhiteSpace":"OFF","MobileFirst":true},"QuestionDescription":"What do you think of the video? I find the video:","Choices":{"12":{"Display":"Convincing"},"13":{"Display":"Pleasant"},"14":{"Display":"Impactful"},"19":{"Display":"Boring"}},"ChoiceOrder":["12","13","14","19"],"Validation":{"Settings":{"ForceResponse":"ON","ForceResponseType":"ON","Type":"None"}},"GradingData":[],"Language":[],"NextChoiceId":20,"NextAnswerId":28,"Answers":{"21":{"Display":"Totally disagree"},"22":{"Display":"&nbsp;"},"23":{"Display":"&nbsp;"},"24":{"Display":"&nbsp;"},"25":{"Display":"&nbsp;"},"26":{"Display":"&nbsp;"},"27":{"Display":"Totally agree"}},"AnswerOrder":["21","22","23","24","25","26","27"],"ChoiceDataExportTags":false,"Randomization":{"Advanced":null,"Type":"All","TotalRandSubset":""},"QuestionText_Unsafe":"What do you think of the video?<div><br><\/div><div>I find the video:<\/div>"}}]}